PODS:
  - Alamofire (4.7.2)
  - AlamofireNetworkActivityIndicator (2.2.1):
    - Alamofire (~> 4.7)
  - AlamofireSwiftyJSON (1.0.0):
    - Alamofire (~> 4.0)
    - SwiftyJSON (~> 3.0)
  - AlecrimCoreData (5.2)
  - Localize-Swift (2.0.0)
  - SwiftDate (4.5.1)
  - SwiftyBeaver (1.6.0)
  - SwiftyJSON (3.1.4)
  - SwiftyUserDefaults (3.0.1)

DEPENDENCIES:
  - Alamofire (~> 4.7)
  - AlamofireNetworkActivityIndicator (~> 2.2)
  - AlamofireSwiftyJSON (~> 1.0)
  - AlecrimCoreData (~> 5.2)
  - Localize-Swift (~> 2.0)
  - SwiftDate (~> 4.5)
  - SwiftyBeaver (~> 1.6)
  - SwiftyJSON (~> 3.1)
  - SwiftyUserDefaults (~> 3.0)

SPEC REPOS:
  https://github.com/cocoapods/specs.git:
    - Alamofire
    - AlamofireNetworkActivityIndicator
    - AlamofireSwiftyJSON
    - AlecrimCoreData
    - Localize-Swift
    - SwiftDate
    - SwiftyBeaver
    - SwiftyJSON
    - SwiftyUserDefaults

SPEC CHECKSUMS:
  Alamofire: e4fa87002c137ba2d8d634d2c51fabcda0d5c223
  AlamofireNetworkActivityIndicator: aeac50e6ecb78ec71a5f1f29098bcf4ec2962910
  AlamofireSwiftyJSON: 78908b766483a28aa5cc90fd191a687467042973
  AlecrimCoreData: 6bf4d91fcc82b66157004cb49f1b60aafb80787d
  Localize-Swift: c798ec9286494866f7068f85f7c71283ac5bdab4
  SwiftDate: 7b56d42a221f582047287deb256b23fc5ed49a60
  SwiftyBeaver: e45759613e50b522b0e6f53b1f0f14389b45ca34
  SwiftyJSON: c2842d878f95482ffceec5709abc3d05680c0220
  SwiftyUserDefaults: 3d273b1739b68ada3145dc754a70ec775bc5c8be

PODFILE CHECKSUM: 45e68348276858d627f1681c796bae2d075191d9

COCOAPODS: 1.5.3
