// !$*UTF8*$!
{
	archiveVersion = 1;
	classes = {
	};
	objectVersion = 51;
	objects = {

/* Begin PBXBuildFile section */
		014307DC69168EA44F0FCA67 /* Pods_Mensal.framework in Frameworks */ = {isa = PBXBuildFile; fileRef = 4BA46E1885F46DF90003EC6E /* Pods_Mensal.framework */; };
		12002E8A210E712C003DA3EF /* PagamentoDiversa.swift in Sources */ = {isa = PBXBuildFile; fileRef = 12002E89210E712C003DA3EF /* PagamentoDiversa.swift */; };
		12002E8C210E7143003DA3EF /* PagamentoDiarista.swift in Sources */ = {isa = PBXBuildFile; fileRef = 12002E8B210E7143003DA3EF /* PagamentoDiarista.swift */; };
		12002E8E210E714A003DA3EF /* PagamentoCombustivel.swift in Sources */ = {isa = PBXBuildFile; fileRef = 12002E8D210E714A003DA3EF /* PagamentoCombustivel.swift */; };
		12002E91210E7A2F003DA3EF /* Autenticacao.storyboard in Resources */ = {isa = PBXBuildFile; fileRef = 12002E93210E7A2F003DA3EF /* Autenticacao.storyboard */; };
		12002E95210E7AF8003DA3EF /* AutenticacaoVC.swift in Sources */ = {isa = PBXBuildFile; fileRef = 12002E94210E7AF8003DA3EF /* AutenticacaoVC.swift */; };
		12002E97210E7E57003DA3EF /* AutenticacaoProxy.swift in Sources */ = {isa = PBXBuildFile; fileRef = 12002E96210E7E57003DA3EF /* AutenticacaoProxy.swift */; };
		12002E99210E8107003DA3EF /* Proxy.swift in Sources */ = {isa = PBXBuildFile; fileRef = 12002E98210E8107003DA3EF /* Proxy.swift */; };
		12074E482157FCC7001750A5 /* RateioCellxx.swift in Sources */ = {isa = PBXBuildFile; fileRef = 12074E472157FCC7001750A5 /* RateioCellxx.swift */; };
		120BB60420D1354200892E07 /* Cache.swift in Sources */ = {isa = PBXBuildFile; fileRef = 120BB60320D1354200892E07 /* Cache.swift */; };
		120BB60720D140E600892E07 /* UsuarioProxy.swift in Sources */ = {isa = PBXBuildFile; fileRef = 120BB60620D140E600892E07 /* UsuarioProxy.swift */; };
		120BB60B20D1694A00892E07 /* UsuarioManager.swift in Sources */ = {isa = PBXBuildFile; fileRef = 120BB60A20D1694A00892E07 /* UsuarioManager.swift */; };
		120BB60F20D1809800892E07 /* AppConfig.swift in Sources */ = {isa = PBXBuildFile; fileRef = 120BB60E20D1809800892E07 /* AppConfig.swift */; };
		120BB61120D181BD00892E07 /* DiariaManager.swift in Sources */ = {isa = PBXBuildFile; fileRef = 120BB61020D181BD00892E07 /* DiariaManager.swift */; };
		120BB61320D181CC00892E07 /* DiversaManager.swift in Sources */ = {isa = PBXBuildFile; fileRef = 120BB61220D181CC00892E07 /* DiversaManager.swift */; };
		120BB61520D181D300892E07 /* FixaManager.swift in Sources */ = {isa = PBXBuildFile; fileRef = 120BB61420D181D300892E07 /* FixaManager.swift */; };
		120BB61720D181DA00892E07 /* VeiculoManager.swift in Sources */ = {isa = PBXBuildFile; fileRef = 120BB61620D181DA00892E07 /* VeiculoManager.swift */; };
		120BB61920D1828000892E07 /* DiariaProxy.swift in Sources */ = {isa = PBXBuildFile; fileRef = 120BB61820D1828000892E07 /* DiariaProxy.swift */; };
		120BB61B20D1828B00892E07 /* DiversaProxy.swift in Sources */ = {isa = PBXBuildFile; fileRef = 120BB61A20D1828B00892E07 /* DiversaProxy.swift */; };
		120BB61D20D1829300892E07 /* FixaProxy.swift in Sources */ = {isa = PBXBuildFile; fileRef = 120BB61C20D1829300892E07 /* FixaProxy.swift */; };
		120BB61F20D1829B00892E07 /* VeiculoProxy.swift in Sources */ = {isa = PBXBuildFile; fileRef = 120BB61E20D1829B00892E07 /* VeiculoProxy.swift */; };
		120BB62120D1A7B900892E07 /* PagamentoProxy.swift in Sources */ = {isa = PBXBuildFile; fileRef = 120BB62020D1A7B900892E07 /* PagamentoProxy.swift */; };
		120C3B0620D020630029C184 /* Grupo.swift in Sources */ = {isa = PBXBuildFile; fileRef = 120C3B0520D020630029C184 /* Grupo.swift */; };
		120C3B0820D027C00029C184 /* MesCell.swift in Sources */ = {isa = PBXBuildFile; fileRef = 120C3B0720D027C00029C184 /* MesCell.swift */; };
		120C3B0E20D03EFC0029C184 /* MesHeader.swift in Sources */ = {isa = PBXBuildFile; fileRef = 120C3B0D20D03EFC0029C184 /* MesHeader.swift */; };
		120C3B1020D05B810029C184 /* MesHeader.xib in Resources */ = {isa = PBXBuildFile; fileRef = 120C3B0F20D05B810029C184 /* MesHeader.xib */; };
		120C3B1220D05CAE0029C184 /* UINib.swift in Sources */ = {isa = PBXBuildFile; fileRef = 120C3B1120D05CAE0029C184 /* UINib.swift */; };
		121A8F7B211F2BEF007C50C8 /* AutenticacaoManager.swift in Sources */ = {isa = PBXBuildFile; fileRef = 121A8F7A211F2BEF007C50C8 /* AutenticacaoManager.swift */; };
		122AA71B213F42F10087B2B2 /* DatabaseExporter.swift in Sources */ = {isa = PBXBuildFile; fileRef = 122AA71A213F42F10087B2B2 /* DatabaseExporter.swift */; };
		122EED412118F33D007DBCFF /* Credenciais.swift in Sources */ = {isa = PBXBuildFile; fileRef = 122EED402118F33D007DBCFF /* Credenciais.swift */; };
		122EED432118F7E9007DBCFF /* AutenticacaoDelegate.swift in Sources */ = {isa = PBXBuildFile; fileRef = 122EED422118F7E9007DBCFF /* AutenticacaoDelegate.swift */; };
		124630CF20D279B700917C6A /* PagamentoFixaManager.swift in Sources */ = {isa = PBXBuildFile; fileRef = 124630CE20D279B700917C6A /* PagamentoFixaManager.swift */; };
		124630D120D2889500917C6A /* VersionadoManager.swift in Sources */ = {isa = PBXBuildFile; fileRef = 124630D020D2889500917C6A /* VersionadoManager.swift */; };
		124630D520D29C5B00917C6A /* VersionadoProxy.swift in Sources */ = {isa = PBXBuildFile; fileRef = 124630D420D29C5B00917C6A /* VersionadoProxy.swift */; };
		124630D720D2AE9E00917C6A /* SincronizadoManager.swift in Sources */ = {isa = PBXBuildFile; fileRef = 124630D620D2AE9E00917C6A /* SincronizadoManager.swift */; };
		124630D920D2E50B00917C6A /* PagamentoFixaProxy.swift in Sources */ = {isa = PBXBuildFile; fileRef = 124630D820D2E50B00917C6A /* PagamentoFixaProxy.swift */; };
		124630DD20D2F3C400917C6A /* JSON.swift in Sources */ = {isa = PBXBuildFile; fileRef = 124630DC20D2F3C400917C6A /* JSON.swift */; };
		124630DF20D30AEB00917C6A /* RateioManager.swift in Sources */ = {isa = PBXBuildFile; fileRef = 124630DE20D30AEB00917C6A /* RateioManager.swift */; };
		124630E120D3110300917C6A /* PersistidoManager.swift in Sources */ = {isa = PBXBuildFile; fileRef = 124630E020D3110300917C6A /* PersistidoManager.swift */; };
		124630E320D31AAD00917C6A /* Pagamento.swift in Sources */ = {isa = PBXBuildFile; fileRef = 124630E220D31AAD00917C6A /* Pagamento.swift */; };
		124630E520D322B100917C6A /* PagamentoDiversaProxy.swift in Sources */ = {isa = PBXBuildFile; fileRef = 124630E420D322B100917C6A /* PagamentoDiversaProxy.swift */; };
		124630E720D3232A00917C6A /* PagamentoDiversaManager.swift in Sources */ = {isa = PBXBuildFile; fileRef = 124630E620D3232A00917C6A /* PagamentoDiversaManager.swift */; };
		124630E920D328F900917C6A /* PagamentoDiaristaProxy.swift in Sources */ = {isa = PBXBuildFile; fileRef = 124630E820D328F900917C6A /* PagamentoDiaristaProxy.swift */; };
		124630EB20D3290900917C6A /* PagamentoCombustivelProxy.swift in Sources */ = {isa = PBXBuildFile; fileRef = 124630EA20D3290900917C6A /* PagamentoCombustivelProxy.swift */; };
		124630ED20D3291E00917C6A /* PagamentoDiaristaManager.swift in Sources */ = {isa = PBXBuildFile; fileRef = 124630EC20D3291E00917C6A /* PagamentoDiaristaManager.swift */; };
		124630EF20D3292A00917C6A /* PagamentoCombustivelManager.swift in Sources */ = {isa = PBXBuildFile; fileRef = 124630EE20D3292A00917C6A /* PagamentoCombustivelManager.swift */; };
		124D9DC82130958A0077907F /* Enabler.swift in Sources */ = {isa = PBXBuildFile; fileRef = 124D9DC72130958A0077907F /* Enabler.swift */; };
		1252716520D40010000D679D /* PagamentoManager.swift in Sources */ = {isa = PBXBuildFile; fileRef = 1252716420D40010000D679D /* PagamentoManager.swift */; };
		1252716720D429EF000D679D /* Double.swift in Sources */ = {isa = PBXBuildFile; fileRef = 1252716620D429EF000D679D /* Double.swift */; };
		1266E370214F02700090D423 /* String.swift in Sources */ = {isa = PBXBuildFile; fileRef = 1266E36F214F02700090D423 /* String.swift */; };
		126FF36420CEEF880019BB9F /* InfoPlist.strings in Resources */ = {isa = PBXBuildFile; fileRef = 126FF36620CEEF880019BB9F /* InfoPlist.strings */; };
		126FF36720CEEF8B0019BB9F /* Localizable.strings in Resources */ = {isa = PBXBuildFile; fileRef = 126FF36920CEEF8B0019BB9F /* Localizable.strings */; };
		126FF36B20CEF0220019BB9F /* MesesVC.swift in Sources */ = {isa = PBXBuildFile; fileRef = 126FF36A20CEF0220019BB9F /* MesesVC.swift */; };
		126FF36D20CEF68E0019BB9F /* MesVC.swift in Sources */ = {isa = PBXBuildFile; fileRef = 126FF36C20CEF68E0019BB9F /* MesVC.swift */; };
		126FF36F20CEF6A50019BB9F /* EdicaoVC.swift in Sources */ = {isa = PBXBuildFile; fileRef = 126FF36E20CEF6A50019BB9F /* EdicaoVC.swift */; };
		126FF37320CF01AD0019BB9F /* GrupoManager.swift in Sources */ = {isa = PBXBuildFile; fileRef = 126FF37220CF01AD0019BB9F /* GrupoManager.swift */; };
		126FF37620CF02400019BB9F /* Mes.swift in Sources */ = {isa = PBXBuildFile; fileRef = 126FF37520CF02400019BB9F /* Mes.swift */; };
		126FF37820CF0FD30019BB9F /* MesManager.swift in Sources */ = {isa = PBXBuildFile; fileRef = 126FF37720CF0FD30019BB9F /* MesManager.swift */; };
		126FF37D20CF168E0019BB9F /* Date.swift in Sources */ = {isa = PBXBuildFile; fileRef = 126FF37C20CF168E0019BB9F /* Date.swift */; };
		126FF37F20CF43060019BB9F /* PrincipalVC.swift in Sources */ = {isa = PBXBuildFile; fileRef = 126FF37E20CF43060019BB9F /* PrincipalVC.swift */; };
		126FF38120CF43DA0019BB9F /* UIStoryboard.swift in Sources */ = {isa = PBXBuildFile; fileRef = 126FF38020CF43DA0019BB9F /* UIStoryboard.swift */; };
		12ADCAB220CEE4AA0068824E /* Database.swift in Sources */ = {isa = PBXBuildFile; fileRef = 12ADCAB120CEE4AA0068824E /* Database.swift */; };
		12D5829720CED5B60003B317 /* AppDelegate.swift in Sources */ = {isa = PBXBuildFile; fileRef = 12D5829620CED5B60003B317 /* AppDelegate.swift */; };
		12D5829C20CED5B60003B317 /* Lancamentos.storyboard in Resources */ = {isa = PBXBuildFile; fileRef = 12D5829A20CED5B60003B317 /* Lancamentos.storyboard */; };
		12D5829F20CED5B60003B317 /* Mensal.xcdatamodeld in Sources */ = {isa = PBXBuildFile; fileRef = 12D5829D20CED5B60003B317 /* Mensal.xcdatamodeld */; };
		12D582A120CED5B80003B317 /* Assets.xcassets in Resources */ = {isa = PBXBuildFile; fileRef = 12D582A020CED5B80003B317 /* Assets.xcassets */; };
		12D582A420CED5B80003B317 /* LaunchScreen.storyboard in Resources */ = {isa = PBXBuildFile; fileRef = 12D582A220CED5B80003B317 /* LaunchScreen.storyboard */; };
		12FE556721581D0B000BB491 /* RateioCell.swift in Sources */ = {isa = PBXBuildFile; fileRef = 12FE556521581D0B000BB491 /* RateioCell.swift */; };
		12FE556821581D0B000BB491 /* RateioCell.xib in Resources */ = {isa = PBXBuildFile; fileRef = 12FE556621581D0B000BB491 /* RateioCell.xib */; };
/* End PBXBuildFile section */

/* Begin PBXFileReference section */
		12002E89210E712C003DA3EF /* PagamentoDiversa.swift */ = {isa = PBXFileReference; lastKnownFileType = sourcecode.swift; path = PagamentoDiversa.swift; sourceTree = "<group>"; };
		12002E8B210E7143003DA3EF /* PagamentoDiarista.swift */ = {isa = PBXFileReference; lastKnownFileType = sourcecode.swift; path = PagamentoDiarista.swift; sourceTree = "<group>"; };
		12002E8D210E714A003DA3EF /* PagamentoCombustivel.swift */ = {isa = PBXFileReference; lastKnownFileType = sourcecode.swift; path = PagamentoCombustivel.swift; sourceTree = "<group>"; };
		12002E92210E7A2F003DA3EF /* pt-BR */ = {isa = PBXFileReference; lastKnownFileType = file.storyboard; name = "pt-BR"; path = "pt-BR.lproj/Autenticacao.storyboard"; sourceTree = "<group>"; };
		12002E94210E7AF8003DA3EF /* AutenticacaoVC.swift */ = {isa = PBXFileReference; lastKnownFileType = sourcecode.swift; path = AutenticacaoVC.swift; sourceTree = "<group>"; };
		12002E96210E7E57003DA3EF /* AutenticacaoProxy.swift */ = {isa = PBXFileReference; lastKnownFileType = sourcecode.swift; path = AutenticacaoProxy.swift; sourceTree = "<group>"; };
		12002E98210E8107003DA3EF /* Proxy.swift */ = {isa = PBXFileReference; lastKnownFileType = sourcecode.swift; path = Proxy.swift; sourceTree = "<group>"; };
		12074E472157FCC7001750A5 /* RateioCellxx.swift */ = {isa = PBXFileReference; lastKnownFileType = sourcecode.swift; path = RateioCellxx.swift; sourceTree = "<group>"; };
		120BB60320D1354200892E07 /* Cache.swift */ = {isa = PBXFileReference; lastKnownFileType = sourcecode.swift; path = Cache.swift; sourceTree = "<group>"; };
		120BB60620D140E600892E07 /* UsuarioProxy.swift */ = {isa = PBXFileReference; lastKnownFileType = sourcecode.swift; path = UsuarioProxy.swift; sourceTree = "<group>"; };
		120BB60A20D1694A00892E07 /* UsuarioManager.swift */ = {isa = PBXFileReference; lastKnownFileType = sourcecode.swift; path = UsuarioManager.swift; sourceTree = "<group>"; };
		120BB60E20D1809800892E07 /* AppConfig.swift */ = {isa = PBXFileReference; lastKnownFileType = sourcecode.swift; path = AppConfig.swift; sourceTree = "<group>"; };
		120BB61020D181BD00892E07 /* DiariaManager.swift */ = {isa = PBXFileReference; lastKnownFileType = sourcecode.swift; path = DiariaManager.swift; sourceTree = "<group>"; };
		120BB61220D181CC00892E07 /* DiversaManager.swift */ = {isa = PBXFileReference; lastKnownFileType = sourcecode.swift; path = DiversaManager.swift; sourceTree = "<group>"; };
		120BB61420D181D300892E07 /* FixaManager.swift */ = {isa = PBXFileReference; lastKnownFileType = sourcecode.swift; path = FixaManager.swift; sourceTree = "<group>"; };
		120BB61620D181DA00892E07 /* VeiculoManager.swift */ = {isa = PBXFileReference; lastKnownFileType = sourcecode.swift; path = VeiculoManager.swift; sourceTree = "<group>"; };
		120BB61820D1828000892E07 /* DiariaProxy.swift */ = {isa = PBXFileReference; lastKnownFileType = sourcecode.swift; path = DiariaProxy.swift; sourceTree = "<group>"; };
		120BB61A20D1828B00892E07 /* DiversaProxy.swift */ = {isa = PBXFileReference; lastKnownFileType = sourcecode.swift; path = DiversaProxy.swift; sourceTree = "<group>"; };
		120BB61C20D1829300892E07 /* FixaProxy.swift */ = {isa = PBXFileReference; lastKnownFileType = sourcecode.swift; path = FixaProxy.swift; sourceTree = "<group>"; };
		120BB61E20D1829B00892E07 /* VeiculoProxy.swift */ = {isa = PBXFileReference; lastKnownFileType = sourcecode.swift; path = VeiculoProxy.swift; sourceTree = "<group>"; };
		120BB62020D1A7B900892E07 /* PagamentoProxy.swift */ = {isa = PBXFileReference; lastKnownFileType = sourcecode.swift; path = PagamentoProxy.swift; sourceTree = "<group>"; };
		120C3B0520D020630029C184 /* Grupo.swift */ = {isa = PBXFileReference; lastKnownFileType = sourcecode.swift; path = Grupo.swift; sourceTree = "<group>"; };
		120C3B0720D027C00029C184 /* MesCell.swift */ = {isa = PBXFileReference; lastKnownFileType = sourcecode.swift; path = MesCell.swift; sourceTree = "<group>"; };
		120C3B0D20D03EFC0029C184 /* MesHeader.swift */ = {isa = PBXFileReference; lastKnownFileType = sourcecode.swift; path = MesHeader.swift; sourceTree = "<group>"; };
		120C3B0F20D05B810029C184 /* MesHeader.xib */ = {isa = PBXFileReference; lastKnownFileType = file.xib; path = MesHeader.xib; sourceTree = "<group>"; };
		120C3B1120D05CAE0029C184 /* UINib.swift */ = {isa = PBXFileReference; lastKnownFileType = sourcecode.swift; path = UINib.swift; sourceTree = "<group>"; };
		121A8F7A211F2BEF007C50C8 /* AutenticacaoManager.swift */ = {isa = PBXFileReference; lastKnownFileType = sourcecode.swift; path = AutenticacaoManager.swift; sourceTree = "<group>"; };
		1222AC0020CEEB46002CC4AD /* pt-BR */ = {isa = PBXFileReference; lastKnownFileType = file.storyboard; name = "pt-BR"; path = "pt-BR.lproj/LaunchScreen.storyboard"; sourceTree = "<group>"; };
		1222AC0120CEEB46002CC4AD /* pt-BR */ = {isa = PBXFileReference; lastKnownFileType = file.storyboard; name = "pt-BR"; path = "pt-BR.lproj/Lancamentos.storyboard"; sourceTree = "<group>"; };
		122AA71A213F42F10087B2B2 /* DatabaseExporter.swift */ = {isa = PBXFileReference; lastKnownFileType = sourcecode.swift; path = DatabaseExporter.swift; sourceTree = "<group>"; };
		122EED402118F33D007DBCFF /* Credenciais.swift */ = {isa = PBXFileReference; lastKnownFileType = sourcecode.swift; path = Credenciais.swift; sourceTree = "<group>"; };
		122EED422118F7E9007DBCFF /* AutenticacaoDelegate.swift */ = {isa = PBXFileReference; lastKnownFileType = sourcecode.swift; path = AutenticacaoDelegate.swift; sourceTree = "<group>"; };
		124630CE20D279B700917C6A /* PagamentoFixaManager.swift */ = {isa = PBXFileReference; lastKnownFileType = sourcecode.swift; path = PagamentoFixaManager.swift; sourceTree = "<group>"; };
		124630D020D2889500917C6A /* VersionadoManager.swift */ = {isa = PBXFileReference; lastKnownFileType = sourcecode.swift; path = VersionadoManager.swift; sourceTree = "<group>"; };
		124630D420D29C5B00917C6A /* VersionadoProxy.swift */ = {isa = PBXFileReference; lastKnownFileType = sourcecode.swift; path = VersionadoProxy.swift; sourceTree = "<group>"; };
		124630D620D2AE9E00917C6A /* SincronizadoManager.swift */ = {isa = PBXFileReference; lastKnownFileType = sourcecode.swift; path = SincronizadoManager.swift; sourceTree = "<group>"; };
		124630D820D2E50B00917C6A /* PagamentoFixaProxy.swift */ = {isa = PBXFileReference; lastKnownFileType = sourcecode.swift; path = PagamentoFixaProxy.swift; sourceTree = "<group>"; };
		124630DC20D2F3C400917C6A /* JSON.swift */ = {isa = PBXFileReference; lastKnownFileType = sourcecode.swift; path = JSON.swift; sourceTree = "<group>"; };
		124630DE20D30AEB00917C6A /* RateioManager.swift */ = {isa = PBXFileReference; lastKnownFileType = sourcecode.swift; path = RateioManager.swift; sourceTree = "<group>"; };
		124630E020D3110300917C6A /* PersistidoManager.swift */ = {isa = PBXFileReference; lastKnownFileType = sourcecode.swift; path = PersistidoManager.swift; sourceTree = "<group>"; };
		124630E220D31AAD00917C6A /* Pagamento.swift */ = {isa = PBXFileReference; lastKnownFileType = sourcecode.swift; path = Pagamento.swift; sourceTree = "<group>"; };
		124630E420D322B100917C6A /* PagamentoDiversaProxy.swift */ = {isa = PBXFileReference; lastKnownFileType = sourcecode.swift; path = PagamentoDiversaProxy.swift; sourceTree = "<group>"; };
		124630E620D3232A00917C6A /* PagamentoDiversaManager.swift */ = {isa = PBXFileReference; lastKnownFileType = sourcecode.swift; path = PagamentoDiversaManager.swift; sourceTree = "<group>"; };
		124630E820D328F900917C6A /* PagamentoDiaristaProxy.swift */ = {isa = PBXFileReference; lastKnownFileType = sourcecode.swift; path = PagamentoDiaristaProxy.swift; sourceTree = "<group>"; };
		124630EA20D3290900917C6A /* PagamentoCombustivelProxy.swift */ = {isa = PBXFileReference; lastKnownFileType = sourcecode.swift; path = PagamentoCombustivelProxy.swift; sourceTree = "<group>"; };
		124630EC20D3291E00917C6A /* PagamentoDiaristaManager.swift */ = {isa = PBXFileReference; lastKnownFileType = sourcecode.swift; path = PagamentoDiaristaManager.swift; sourceTree = "<group>"; };
		124630EE20D3292A00917C6A /* PagamentoCombustivelManager.swift */ = {isa = PBXFileReference; lastKnownFileType = sourcecode.swift; path = PagamentoCombustivelManager.swift; sourceTree = "<group>"; };
		124D9DC72130958A0077907F /* Enabler.swift */ = {isa = PBXFileReference; lastKnownFileType = sourcecode.swift; path = Enabler.swift; sourceTree = "<group>"; };
		1252716420D40010000D679D /* PagamentoManager.swift */ = {isa = PBXFileReference; lastKnownFileType = sourcecode.swift; path = PagamentoManager.swift; sourceTree = "<group>"; };
		1252716620D429EF000D679D /* Double.swift */ = {isa = PBXFileReference; lastKnownFileType = sourcecode.swift; path = Double.swift; sourceTree = "<group>"; };
		1266E36F214F02700090D423 /* String.swift */ = {isa = PBXFileReference; lastKnownFileType = sourcecode.swift; path = String.swift; sourceTree = "<group>"; };
		126FF36520CEEF880019BB9F /* pt-BR */ = {isa = PBXFileReference; lastKnownFileType = text.plist.strings; name = "pt-BR"; path = "pt-BR.lproj/InfoPlist.strings"; sourceTree = "<group>"; };
		126FF36820CEEF8B0019BB9F /* pt-BR */ = {isa = PBXFileReference; lastKnownFileType = text.plist.strings; name = "pt-BR"; path = "pt-BR.lproj/Localizable.strings"; sourceTree = "<group>"; };
		126FF36A20CEF0220019BB9F /* MesesVC.swift */ = {isa = PBXFileReference; lastKnownFileType = sourcecode.swift; path = MesesVC.swift; sourceTree = "<group>"; };
		126FF36C20CEF68E0019BB9F /* MesVC.swift */ = {isa = PBXFileReference; lastKnownFileType = sourcecode.swift; path = MesVC.swift; sourceTree = "<group>"; };
		126FF36E20CEF6A50019BB9F /* EdicaoVC.swift */ = {isa = PBXFileReference; lastKnownFileType = sourcecode.swift; path = EdicaoVC.swift; sourceTree = "<group>"; };
		126FF37220CF01AD0019BB9F /* GrupoManager.swift */ = {isa = PBXFileReference; lastKnownFileType = sourcecode.swift; path = GrupoManager.swift; sourceTree = "<group>"; };
		126FF37520CF02400019BB9F /* Mes.swift */ = {isa = PBXFileReference; lastKnownFileType = sourcecode.swift; path = Mes.swift; sourceTree = "<group>"; };
		126FF37720CF0FD30019BB9F /* MesManager.swift */ = {isa = PBXFileReference; lastKnownFileType = sourcecode.swift; path = MesManager.swift; sourceTree = "<group>"; };
		126FF37C20CF168E0019BB9F /* Date.swift */ = {isa = PBXFileReference; lastKnownFileType = sourcecode.swift; path = Date.swift; sourceTree = "<group>"; };
		126FF37E20CF43060019BB9F /* PrincipalVC.swift */ = {isa = PBXFileReference; lastKnownFileType = sourcecode.swift; path = PrincipalVC.swift; sourceTree = "<group>"; };
		126FF38020CF43DA0019BB9F /* UIStoryboard.swift */ = {isa = PBXFileReference; lastKnownFileType = sourcecode.swift; path = UIStoryboard.swift; sourceTree = "<group>"; };
		12ADCAB120CEE4AA0068824E /* Database.swift */ = {isa = PBXFileReference; lastKnownFileType = sourcecode.swift; path = Database.swift; sourceTree = "<group>"; };
		12D5829320CED5B60003B317 /* Mensal.app */ = {isa = PBXFileReference; explicitFileType = wrapper.application; includeInIndex = 0; path = Mensal.app; sourceTree = BUILT_PRODUCTS_DIR; };
		12D5829620CED5B60003B317 /* AppDelegate.swift */ = {isa = PBXFileReference; lastKnownFileType = sourcecode.swift; path = AppDelegate.swift; sourceTree = "<group>"; };
		12D5829E20CED5B60003B317 /* Mensal.xcdatamodel */ = {isa = PBXFileReference; lastKnownFileType = wrapper.xcdatamodel; path = Mensal.xcdatamodel; sourceTree = "<group>"; };
		12D582A020CED5B80003B317 /* Assets.xcassets */ = {isa = PBXFileReference; lastKnownFileType = folder.assetcatalog; path = Assets.xcassets; sourceTree = "<group>"; };
		12D582A520CED5B80003B317 /* Info.plist */ = {isa = PBXFileReference; lastKnownFileType = text.plist.xml; path = Info.plist; sourceTree = "<group>"; };
		12FE556521581D0B000BB491 /* RateioCell.swift */ = {isa = PBXFileReference; lastKnownFileType = sourcecode.swift; path = RateioCell.swift; sourceTree = "<group>"; };
		12FE556621581D0B000BB491 /* RateioCell.xib */ = {isa = PBXFileReference; lastKnownFileType = file.xib; path = RateioCell.xib; sourceTree = "<group>"; };
		4BA46E1885F46DF90003EC6E /* Pods_Mensal.framework */ = {isa = PBXFileReference; explicitFileType = wrapper.framework; includeInIndex = 0; path = Pods_Mensal.framework; sourceTree = BUILT_PRODUCTS_DIR; };
		69B1CFC24FBA38A6147BC427 /* Pods-Mensal.release.xcconfig */ = {isa = PBXFileReference; includeInIndex = 1; lastKnownFileType = text.xcconfig; name = "Pods-Mensal.release.xcconfig"; path = "Pods/Target Support Files/Pods-Mensal/Pods-Mensal.release.xcconfig"; sourceTree = "<group>"; };
		BE3EA5ABEE55EBD15ED03FF6 /* Pods-Mensal.debug.xcconfig */ = {isa = PBXFileReference; includeInIndex = 1; lastKnownFileType = text.xcconfig; name = "Pods-Mensal.debug.xcconfig"; path = "Pods/Target Support Files/Pods-Mensal/Pods-Mensal.debug.xcconfig"; sourceTree = "<group>"; };
/* End PBXFileReference section */

/* Begin PBXFrameworksBuildPhase section */
		12D5829020CED5B60003B317 /* Frameworks */ = {
			isa = PBXFrameworksBuildPhase;
			buildActionMask = 2147483647;
			files = (
				014307DC69168EA44F0FCA67 /* Pods_Mensal.framework in Frameworks */,
			);
			runOnlyForDeploymentPostprocessing = 0;
		};
/* End PBXFrameworksBuildPhase section */

/* Begin PBXGroup section */
		120BB60520D140C800892E07 /* Proxy */ = {
			isa = PBXGroup;
			children = (
				12002E98210E8107003DA3EF /* Proxy.swift */,
				12002E96210E7E57003DA3EF /* AutenticacaoProxy.swift */,
				124630D420D29C5B00917C6A /* VersionadoProxy.swift */,
				120BB60620D140E600892E07 /* UsuarioProxy.swift */,
				120BB61820D1828000892E07 /* DiariaProxy.swift */,
				120BB61A20D1828B00892E07 /* DiversaProxy.swift */,
				120BB61C20D1829300892E07 /* FixaProxy.swift */,
				120BB61E20D1829B00892E07 /* VeiculoProxy.swift */,
				120BB62020D1A7B900892E07 /* PagamentoProxy.swift */,
				124630D820D2E50B00917C6A /* PagamentoFixaProxy.swift */,
				124630E420D322B100917C6A /* PagamentoDiversaProxy.swift */,
				124630E820D328F900917C6A /* PagamentoDiaristaProxy.swift */,
				124630EA20D3290900917C6A /* PagamentoCombustivelProxy.swift */,
			);
			path = Proxy;
			sourceTree = "<group>";
		};
		121A8F7C211F8375007C50C8 /* Core */ = {
			isa = PBXGroup;
			children = (
				126FF37420CF022F0019BB9F /* Entity */,
				12ADCAAC20CEDC5E0068824E /* Manager */,
				120BB60520D140C800892E07 /* Proxy */,
				124D9DC6213095650077907F /* Util */,
			);
			path = Core;
			sourceTree = "<group>";
		};
		124D9DC6213095650077907F /* Util */ = {
			isa = PBXGroup;
			children = (
				124D9DC72130958A0077907F /* Enabler.swift */,
			);
			path = Util;
			sourceTree = "<group>";
		};
		126FF37420CF022F0019BB9F /* Entity */ = {
			isa = PBXGroup;
			children = (
				126FF37520CF02400019BB9F /* Mes.swift */,
				120C3B0520D020630029C184 /* Grupo.swift */,
				124630E220D31AAD00917C6A /* Pagamento.swift */,
				12002E89210E712C003DA3EF /* PagamentoDiversa.swift */,
				12002E8B210E7143003DA3EF /* PagamentoDiarista.swift */,
				12002E8D210E714A003DA3EF /* PagamentoCombustivel.swift */,
				122EED402118F33D007DBCFF /* Credenciais.swift */,
			);
			path = Entity;
			sourceTree = "<group>";
		};
		126FF37B20CF16730019BB9F /* Extensions */ = {
			isa = PBXGroup;
			children = (
				126FF37C20CF168E0019BB9F /* Date.swift */,
				126FF38020CF43DA0019BB9F /* UIStoryboard.swift */,
				120C3B1120D05CAE0029C184 /* UINib.swift */,
				124630DC20D2F3C400917C6A /* JSON.swift */,
				1252716620D429EF000D679D /* Double.swift */,
				1266E36F214F02700090D423 /* String.swift */,
			);
			path = Extensions;
			sourceTree = "<group>";
		};
		12ADCAAA20CEDC4D0068824E /* View */ = {
			isa = PBXGroup;
			children = (
				12D582A220CED5B80003B317 /* LaunchScreen.storyboard */,
				12002E93210E7A2F003DA3EF /* Autenticacao.storyboard */,
				12002E94210E7AF8003DA3EF /* AutenticacaoVC.swift */,
				12D5829A20CED5B60003B317 /* Lancamentos.storyboard */,
				126FF37E20CF43060019BB9F /* PrincipalVC.swift */,
				126FF36A20CEF0220019BB9F /* MesesVC.swift */,
				126FF36C20CEF68E0019BB9F /* MesVC.swift */,
				120C3B0F20D05B810029C184 /* MesHeader.xib */,
				120C3B0D20D03EFC0029C184 /* MesHeader.swift */,
				120C3B0720D027C00029C184 /* MesCell.swift */,
				126FF36E20CEF6A50019BB9F /* EdicaoVC.swift */,
				12074E472157FCC7001750A5 /* RateioCellxx.swift */,
				12FE556521581D0B000BB491 /* RateioCell.swift */,
				12FE556621581D0B000BB491 /* RateioCell.xib */,
			);
			path = View;
			sourceTree = "<group>";
		};
		12ADCAAB20CEDC550068824E /* App */ = {
			isa = PBXGroup;
			children = (
				12D5829620CED5B60003B317 /* AppDelegate.swift */,
				122EED422118F7E9007DBCFF /* AutenticacaoDelegate.swift */,
				120BB60E20D1809800892E07 /* AppConfig.swift */,
				12D582A520CED5B80003B317 /* Info.plist */,
				126FF36620CEEF880019BB9F /* InfoPlist.strings */,
				126FF36920CEEF8B0019BB9F /* Localizable.strings */,
				12D582A020CED5B80003B317 /* Assets.xcassets */,
				120BB60320D1354200892E07 /* Cache.swift */,
			);
			path = App;
			sourceTree = "<group>";
		};
		12ADCAAC20CEDC5E0068824E /* Manager */ = {
			isa = PBXGroup;
			children = (
				121A8F7A211F2BEF007C50C8 /* AutenticacaoManager.swift */,
				126FF37720CF0FD30019BB9F /* MesManager.swift */,
				126FF37220CF01AD0019BB9F /* GrupoManager.swift */,
				124630E020D3110300917C6A /* PersistidoManager.swift */,
				124630D020D2889500917C6A /* VersionadoManager.swift */,
				124630D620D2AE9E00917C6A /* SincronizadoManager.swift */,
				120BB60A20D1694A00892E07 /* UsuarioManager.swift */,
				120BB61020D181BD00892E07 /* DiariaManager.swift */,
				120BB61220D181CC00892E07 /* DiversaManager.swift */,
				120BB61420D181D300892E07 /* FixaManager.swift */,
				120BB61620D181DA00892E07 /* VeiculoManager.swift */,
				1252716420D40010000D679D /* PagamentoManager.swift */,
				124630CE20D279B700917C6A /* PagamentoFixaManager.swift */,
				124630E620D3232A00917C6A /* PagamentoDiversaManager.swift */,
				124630EC20D3291E00917C6A /* PagamentoDiaristaManager.swift */,
				124630EE20D3292A00917C6A /* PagamentoCombustivelManager.swift */,
				124630DE20D30AEB00917C6A /* RateioManager.swift */,
				12ADCAB120CEE4AA0068824E /* Database.swift */,
				122AA71A213F42F10087B2B2 /* DatabaseExporter.swift */,
				12D5829D20CED5B60003B317 /* Mensal.xcdatamodeld */,
			);
			path = Manager;
			sourceTree = "<group>";
		};
		12D5828A20CED5B60003B317 = {
			isa = PBXGroup;
			children = (
				12D5829520CED5B60003B317 /* Source */,
				12D5829420CED5B60003B317 /* Products */,
				D7A7E82A2DD4CDB126690665 /* Pods */,
				1FA92442DD266E4A72AC357B /* Frameworks */,
			);
			sourceTree = "<group>";
		};
		12D5829420CED5B60003B317 /* Products */ = {
			isa = PBXGroup;
			children = (
				12D5829320CED5B60003B317 /* Mensal.app */,
			);
			name = Products;
			sourceTree = "<group>";
		};
		12D5829520CED5B60003B317 /* Source */ = {
			isa = PBXGroup;
			children = (
				12ADCAAA20CEDC4D0068824E /* View */,
				121A8F7C211F8375007C50C8 /* Core */,
				126FF37B20CF16730019BB9F /* Extensions */,
				12ADCAAB20CEDC550068824E /* App */,
			);
			path = Source;
			sourceTree = "<group>";
		};
		1FA92442DD266E4A72AC357B /* Frameworks */ = {
			isa = PBXGroup;
			children = (
				4BA46E1885F46DF90003EC6E /* Pods_Mensal.framework */,
			);
			name = Frameworks;
			sourceTree = "<group>";
		};
		D7A7E82A2DD4CDB126690665 /* Pods */ = {
			isa = PBXGroup;
			children = (
				BE3EA5ABEE55EBD15ED03FF6 /* Pods-Mensal.debug.xcconfig */,
				69B1CFC24FBA38A6147BC427 /* Pods-Mensal.release.xcconfig */,
			);
			name = Pods;
			sourceTree = "<group>";
		};
/* End PBXGroup section */

/* Begin PBXNativeTarget section */
		12D5829220CED5B60003B317 /* Mensal */ = {
			isa = PBXNativeTarget;
			buildConfigurationList = 12D582A820CED5B80003B317 /* Build configuration list for PBXNativeTarget "Mensal" */;
			buildPhases = (
				6BD8250047DC44D322B464BA /* [CP] Check Pods Manifest.lock */,
				12D5828F20CED5B60003B317 /* Sources */,
				12D5829020CED5B60003B317 /* Frameworks */,
				12D5829120CED5B60003B317 /* Resources */,
				42C6A6F82DD41B20F6B4CB91 /* [CP] Embed Pods Frameworks */,
			);
			buildRules = (
			);
			dependencies = (
			);
			name = Mensal;
			productName = Mensal;
			productReference = 12D5829320CED5B60003B317 /* Mensal.app */;
			productType = "com.apple.product-type.application";
		};
/* End PBXNativeTarget section */

/* Begin PBXProject section */
		12D5828B20CED5B60003B317 /* Project object */ = {
			isa = PBXProject;
			attributes = {
				LastSwiftUpdateCheck = 0940;
				LastUpgradeCheck = 0940;
				ORGANIZATIONNAME = "Cleverson Sacramento";
				TargetAttributes = {
					12D5829220CED5B60003B317 = {
						CreatedOnToolsVersion = 9.4;
						LastSwiftMigration = 1020;
					};
				};
			};
			buildConfigurationList = 12D5828E20CED5B60003B317 /* Build configuration list for PBXProject "Mensal" */;
			compatibilityVersion = "Xcode 9.3";
			developmentRegion = "pt-BR";
			hasScannedForEncodings = 0;
			knownRegions = (
				"pt-BR",
			);
			mainGroup = 12D5828A20CED5B60003B317;
			productRefGroup = 12D5829420CED5B60003B317 /* Products */;
			projectDirPath = "";
			projectRoot = "";
			targets = (
				12D5829220CED5B60003B317 /* Mensal */,
			);
		};
/* End PBXProject section */

/* Begin PBXResourcesBuildPhase section */
		12D5829120CED5B60003B317 /* Resources */ = {
			isa = PBXResourcesBuildPhase;
			buildActionMask = 2147483647;
			files = (
				126FF36720CEEF8B0019BB9F /* Localizable.strings in Resources */,
				12D582A420CED5B80003B317 /* LaunchScreen.storyboard in Resources */,
				120C3B1020D05B810029C184 /* MesHeader.xib in Resources */,
				12FE556821581D0B000BB491 /* RateioCell.xib in Resources */,
				126FF36420CEEF880019BB9F /* InfoPlist.strings in Resources */,
				12D582A120CED5B80003B317 /* Assets.xcassets in Resources */,
				12D5829C20CED5B60003B317 /* Lancamentos.storyboard in Resources */,
				12002E91210E7A2F003DA3EF /* Autenticacao.storyboard in Resources */,
			);
			runOnlyForDeploymentPostprocessing = 0;
		};
/* End PBXResourcesBuildPhase section */

/* Begin PBXShellScriptBuildPhase section */
		42C6A6F82DD41B20F6B4CB91 /* [CP] Embed Pods Frameworks */ = {
			isa = PBXShellScriptBuildPhase;
			buildActionMask = 2147483647;
			files = (
			);
			inputFileListPaths = (
				"${PODS_ROOT}/Target Support Files/Pods-Mensal/Pods-Mensal-frameworks-${CONFIGURATION}-input-files.xcfilelist",
			);
			name = "[CP] Embed Pods Frameworks";
			outputFileListPaths = (
				"${PODS_ROOT}/Target Support Files/Pods-Mensal/Pods-Mensal-frameworks-${CONFIGURATION}-output-files.xcfilelist",
			);
			runOnlyForDeploymentPostprocessing = 0;
			shellPath = /bin/sh;
			shellScript = "\"${PODS_ROOT}/Target Support Files/Pods-Mensal/Pods-Mensal-frameworks.sh\"\n";
			showEnvVarsInLog = 0;
		};
		6BD8250047DC44D322B464BA /* [CP] Check Pods Manifest.lock */ = {
			isa = PBXShellScriptBuildPhase;
			buildActionMask = 2147483647;
			files = (
			);
			inputPaths = (
				"${PODS_PODFILE_DIR_PATH}/Podfile.lock",
				"${PODS_ROOT}/Manifest.lock",
			);
			name = "[CP] Check Pods Manifest.lock";
			outputPaths = (
				"$(DERIVED_FILE_DIR)/Pods-Mensal-checkManifestLockResult.txt",
			);
			runOnlyForDeploymentPostprocessing = 0;
			shellPath = /bin/sh;
			shellScript = "diff \"${PODS_PODFILE_DIR_PATH}/Podfile.lock\" \"${PODS_ROOT}/Manifest.lock\" > /dev/null\nif [ $? != 0 ] ; then\n    # print error to STDERR\n    echo \"error: The sandbox is not in sync with the Podfile.lock. Run 'pod install' or update your CocoaPods installation.\" >&2\n    exit 1\nfi\n# This output is used by Xcode 'outputs' to avoid re-running this script phase.\necho \"SUCCESS\" > \"${SCRIPT_OUTPUT_FILE_0}\"\n";
			showEnvVarsInLog = 0;
		};
/* End PBXShellScriptBuildPhase section */

/* Begin PBXSourcesBuildPhase section */
		12D5828F20CED5B60003B317 /* Sources */ = {
			isa = PBXSourcesBuildPhase;
			buildActionMask = 2147483647;
			files = (
				1266E370214F02700090D423 /* String.swift in Sources */,
				126FF37620CF02400019BB9F /* Mes.swift in Sources */,
				122EED432118F7E9007DBCFF /* AutenticacaoDelegate.swift in Sources */,
				124630EB20D3290900917C6A /* PagamentoCombustivelProxy.swift in Sources */,
				124630DF20D30AEB00917C6A /* RateioManager.swift in Sources */,
				124630DD20D2F3C400917C6A /* JSON.swift in Sources */,
				122AA71B213F42F10087B2B2 /* DatabaseExporter.swift in Sources */,
				126FF37820CF0FD30019BB9F /* MesManager.swift in Sources */,
				12002E8A210E712C003DA3EF /* PagamentoDiversa.swift in Sources */,
				120BB60B20D1694A00892E07 /* UsuarioManager.swift in Sources */,
				1252716520D40010000D679D /* PagamentoManager.swift in Sources */,
				124630E720D3232A00917C6A /* PagamentoDiversaManager.swift in Sources */,
				120BB60F20D1809800892E07 /* AppConfig.swift in Sources */,
				12D5829F20CED5B60003B317 /* Mensal.xcdatamodeld in Sources */,
				120BB61320D181CC00892E07 /* DiversaManager.swift in Sources */,
				124630CF20D279B700917C6A /* PagamentoFixaManager.swift in Sources */,
				124630ED20D3291E00917C6A /* PagamentoDiaristaManager.swift in Sources */,
				120BB60720D140E600892E07 /* UsuarioProxy.swift in Sources */,
				122EED412118F33D007DBCFF /* Credenciais.swift in Sources */,
				126FF36F20CEF6A50019BB9F /* EdicaoVC.swift in Sources */,
				120BB61720D181DA00892E07 /* VeiculoManager.swift in Sources */,
				126FF36D20CEF68E0019BB9F /* MesVC.swift in Sources */,
				120BB61D20D1829300892E07 /* FixaProxy.swift in Sources */,
				124630D520D29C5B00917C6A /* VersionadoProxy.swift in Sources */,
				12ADCAB220CEE4AA0068824E /* Database.swift in Sources */,
				12074E482157FCC7001750A5 /* RateioCellxx.swift in Sources */,
				124630E320D31AAD00917C6A /* Pagamento.swift in Sources */,
				124630D720D2AE9E00917C6A /* SincronizadoManager.swift in Sources */,
				12002E95210E7AF8003DA3EF /* AutenticacaoVC.swift in Sources */,
				126FF36B20CEF0220019BB9F /* MesesVC.swift in Sources */,
				12002E97210E7E57003DA3EF /* AutenticacaoProxy.swift in Sources */,
				12FE556721581D0B000BB491 /* RateioCell.swift in Sources */,
				12002E8E210E714A003DA3EF /* PagamentoCombustivel.swift in Sources */,
				126FF37D20CF168E0019BB9F /* Date.swift in Sources */,
				120C3B0E20D03EFC0029C184 /* MesHeader.swift in Sources */,
				12D5829720CED5B60003B317 /* AppDelegate.swift in Sources */,
				120BB60420D1354200892E07 /* Cache.swift in Sources */,
				124D9DC82130958A0077907F /* Enabler.swift in Sources */,
				124630D120D2889500917C6A /* VersionadoManager.swift in Sources */,
				124630E520D322B100917C6A /* PagamentoDiversaProxy.swift in Sources */,
				124630EF20D3292A00917C6A /* PagamentoCombustivelManager.swift in Sources */,
				120C3B0820D027C00029C184 /* MesCell.swift in Sources */,
				120BB62120D1A7B900892E07 /* PagamentoProxy.swift in Sources */,
				126FF37320CF01AD0019BB9F /* GrupoManager.swift in Sources */,
				126FF37F20CF43060019BB9F /* PrincipalVC.swift in Sources */,
				1252716720D429EF000D679D /* Double.swift in Sources */,
				120BB61B20D1828B00892E07 /* DiversaProxy.swift in Sources */,
				12002E8C210E7143003DA3EF /* PagamentoDiarista.swift in Sources */,
				120C3B1220D05CAE0029C184 /* UINib.swift in Sources */,
				120BB61F20D1829B00892E07 /* VeiculoProxy.swift in Sources */,
				124630E920D328F900917C6A /* PagamentoDiaristaProxy.swift in Sources */,
				120BB61120D181BD00892E07 /* DiariaManager.swift in Sources */,
				121A8F7B211F2BEF007C50C8 /* AutenticacaoManager.swift in Sources */,
				124630D920D2E50B00917C6A /* PagamentoFixaProxy.swift in Sources */,
				126FF38120CF43DA0019BB9F /* UIStoryboard.swift in Sources */,
				120BB61920D1828000892E07 /* DiariaProxy.swift in Sources */,
				12002E99210E8107003DA3EF /* Proxy.swift in Sources */,
				120C3B0620D020630029C184 /* Grupo.swift in Sources */,
				120BB61520D181D300892E07 /* FixaManager.swift in Sources */,
				124630E120D3110300917C6A /* PersistidoManager.swift in Sources */,
			);
			runOnlyForDeploymentPostprocessing = 0;
		};
/* End PBXSourcesBuildPhase section */

/* Begin PBXVariantGroup section */
		12002E93210E7A2F003DA3EF /* Autenticacao.storyboard */ = {
			isa = PBXVariantGroup;
			children = (
				12002E92210E7A2F003DA3EF /* pt-BR */,
			);
			name = Autenticacao.storyboard;
			sourceTree = "<group>";
		};
		126FF36620CEEF880019BB9F /* InfoPlist.strings */ = {
			isa = PBXVariantGroup;
			children = (
				126FF36520CEEF880019BB9F /* pt-BR */,
			);
			name = InfoPlist.strings;
			sourceTree = "<group>";
		};
		126FF36920CEEF8B0019BB9F /* Localizable.strings */ = {
			isa = PBXVariantGroup;
			children = (
				126FF36820CEEF8B0019BB9F /* pt-BR */,
			);
			name = Localizable.strings;
			sourceTree = "<group>";
		};
		12D5829A20CED5B60003B317 /* Lancamentos.storyboard */ = {
			isa = PBXVariantGroup;
			children = (
				1222AC0120CEEB46002CC4AD /* pt-BR */,
			);
			name = Lancamentos.storyboard;
			sourceTree = "<group>";
		};
		12D582A220CED5B80003B317 /* LaunchScreen.storyboard */ = {
			isa = PBXVariantGroup;
			children = (
				1222AC0020CEEB46002CC4AD /* pt-BR */,
			);
			name = LaunchScreen.storyboard;
			sourceTree = "<group>";
		};
/* End PBXVariantGroup section */

/* Begin XCBuildConfiguration section */
		12D582A620CED5B80003B317 /* Debug */ = {
			isa = XCBuildConfiguration;
			buildSettings = {
				ALWAYS_SEARCH_USER_PATHS = NO;
				CLANG_ANALYZER_LOCALIZABILITY_NONLOCALIZED = YES;
				CLANG_ANALYZER_NONNULL = YES;
				CLANG_ANALYZER_NUMBER_OBJECT_CONVERSION = YES_AGGRESSIVE;
				CLANG_CXX_LANGUAGE_STANDARD = "gnu++14";
				CLANG_CXX_LIBRARY = "libc++";
				CLANG_ENABLE_MODULES = YES;
				CLANG_ENABLE_OBJC_ARC = YES;
				CLANG_ENABLE_OBJC_WEAK = YES;
				CLANG_WARN_BLOCK_CAPTURE_AUTORELEASING = YES;
				CLANG_WARN_BOOL_CONVERSION = YES;
				CLANG_WARN_COMMA = YES;
				CLANG_WARN_CONSTANT_CONVERSION = YES;
				CLANG_WARN_DEPRECATED_OBJC_IMPLEMENTATIONS = YES;
				CLANG_WARN_DIRECT_OBJC_ISA_USAGE = YES_ERROR;
				CLANG_WARN_DOCUMENTATION_COMMENTS = YES;
				CLANG_WARN_EMPTY_BODY = YES;
				CLANG_WARN_ENUM_CONVERSION = YES;
				CLANG_WARN_INFINITE_RECURSION = YES;
				CLANG_WARN_INT_CONVERSION = YES;
				CLANG_WARN_NON_LITERAL_NULL_CONVERSION = YES;
				CLANG_WARN_OBJC_IMPLICIT_RETAIN_SELF = YES;
				CLANG_WARN_OBJC_LITERAL_CONVERSION = YES;
				CLANG_WARN_OBJC_ROOT_CLASS = YES_ERROR;
				CLANG_WARN_RANGE_LOOP_ANALYSIS = YES;
				CLANG_WARN_STRICT_PROTOTYPES = YES;
				CLANG_WARN_SUSPICIOUS_MOVE = YES;
				CLANG_WARN_UNGUARDED_AVAILABILITY = YES_AGGRESSIVE;
				CLANG_WARN_UNREACHABLE_CODE = YES;
				CLANG_WARN__DUPLICATE_METHOD_MATCH = YES;
				CODE_SIGN_IDENTITY = "iPhone Developer";
				COPY_PHASE_STRIP = NO;
				DEBUG_INFORMATION_FORMAT = dwarf;
				ENABLE_STRICT_OBJC_MSGSEND = YES;
				ENABLE_TESTABILITY = YES;
				GCC_C_LANGUAGE_STANDARD = gnu11;
				GCC_DYNAMIC_NO_PIC = NO;
				GCC_NO_COMMON_BLOCKS = YES;
				GCC_OPTIMIZATION_LEVEL = 0;
				GCC_PREPROCESSOR_DEFINITIONS = (
					"DEBUG=1",
					"$(inherited)",
				);
				GCC_WARN_64_TO_32_BIT_CONVERSION = YES;
				GCC_WARN_ABOUT_RETURN_TYPE = YES_ERROR;
				GCC_WARN_UNDECLARED_SELECTOR = YES;
				GCC_WARN_UNINITIALIZED_AUTOS = YES_AGGRESSIVE;
				GCC_WARN_UNUSED_FUNCTION = YES;
				GCC_WARN_UNUSED_VARIABLE = YES;
				IPHONEOS_DEPLOYMENT_TARGET = 11.4;
				MTL_ENABLE_DEBUG_INFO = YES;
				ONLY_ACTIVE_ARCH = YES;
				SDKROOT = iphoneos;
				SWIFT_ACTIVE_COMPILATION_CONDITIONS = DEBUG;
				SWIFT_OPTIMIZATION_LEVEL = "-Onone";
			};
			name = Debug;
		};
		12D582A720CED5B80003B317 /* Release */ = {
			isa = XCBuildConfiguration;
			buildSettings = {
				ALWAYS_SEARCH_USER_PATHS = NO;
				CLANG_ANALYZER_LOCALIZABILITY_NONLOCALIZED = YES;
				CLANG_ANALYZER_NONNULL = YES;
				CLANG_ANALYZER_NUMBER_OBJECT_CONVERSION = YES_AGGRESSIVE;
				CLANG_CXX_LANGUAGE_STANDARD = "gnu++14";
				CLANG_CXX_LIBRARY = "libc++";
				CLANG_ENABLE_MODULES = YES;
				CLANG_ENABLE_OBJC_ARC = YES;
				CLANG_ENABLE_OBJC_WEAK = YES;
				CLANG_WARN_BLOCK_CAPTURE_AUTORELEASING = YES;
				CLANG_WARN_BOOL_CONVERSION = YES;
				CLANG_WARN_COMMA = YES;
				CLANG_WARN_CONSTANT_CONVERSION = YES;
				CLANG_WARN_DEPRECATED_OBJC_IMPLEMENTATIONS = YES;
				CLANG_WARN_DIRECT_OBJC_ISA_USAGE = YES_ERROR;
				CLANG_WARN_DOCUMENTATION_COMMENTS = YES;
				CLANG_WARN_EMPTY_BODY = YES;
				CLANG_WARN_ENUM_CONVERSION = YES;
				CLANG_WARN_INFINITE_RECURSION = YES;
				CLANG_WARN_INT_CONVERSION = YES;
				CLANG_WARN_NON_LITERAL_NULL_CONVERSION = YES;
				CLANG_WARN_OBJC_IMPLICIT_RETAIN_SELF = YES;
				CLANG_WARN_OBJC_LITERAL_CONVERSION = YES;
				CLANG_WARN_OBJC_ROOT_CLASS = YES_ERROR;
				CLANG_WARN_RANGE_LOOP_ANALYSIS = YES;
				CLANG_WARN_STRICT_PROTOTYPES = YES;
				CLANG_WARN_SUSPICIOUS_MOVE = YES;
				CLANG_WARN_UNGUARDED_AVAILABILITY = YES_AGGRESSIVE;
				CLANG_WARN_UNREACHABLE_CODE = YES;
				CLANG_WARN__DUPLICATE_METHOD_MATCH = YES;
				CODE_SIGN_IDENTITY = "iPhone Developer";
				COPY_PHASE_STRIP = NO;
				DEBUG_INFORMATION_FORMAT = "dwarf-with-dsym";
				ENABLE_NS_ASSERTIONS = NO;
				ENABLE_STRICT_OBJC_MSGSEND = YES;
				GCC_C_LANGUAGE_STANDARD = gnu11;
				GCC_NO_COMMON_BLOCKS = YES;
				GCC_WARN_64_TO_32_BIT_CONVERSION = YES;
				GCC_WARN_ABOUT_RETURN_TYPE = YES_ERROR;
				GCC_WARN_UNDECLARED_SELECTOR = YES;
				GCC_WARN_UNINITIALIZED_AUTOS = YES_AGGRESSIVE;
				GCC_WARN_UNUSED_FUNCTION = YES;
				GCC_WARN_UNUSED_VARIABLE = YES;
				IPHONEOS_DEPLOYMENT_TARGET = 11.4;
				MTL_ENABLE_DEBUG_INFO = NO;
				SDKROOT = iphoneos;
				SWIFT_COMPILATION_MODE = wholemodule;
				SWIFT_OPTIMIZATION_LEVEL = "-O";
				VALIDATE_PRODUCT = YES;
			};
			name = Release;
		};
		12D582A920CED5B80003B317 /* Debug */ = {
			isa = XCBuildConfiguration;
			baseConfigurationReference = BE3EA5ABEE55EBD15ED03FF6 /* Pods-Mensal.debug.xcconfig */;
			buildSettings = {
				ASSETCATALOG_COMPILER_APPICON_NAME = AppIcon;
				CODE_SIGN_IDENTITY = "iPhone Developer";
				CODE_SIGN_STYLE = Automatic;
				DEVELOPMENT_TEAM = BZA995XLF9;
				INFOPLIST_FILE = "$(SRCROOT)/Source/App/Info.plist";
				LD_RUNPATH_SEARCH_PATHS = (
					"$(inherited)",
					"@executable_path/Frameworks",
				);
				PRODUCT_BUNDLE_IDENTIFIER = teste.crud.ios.Mensal;
				PRODUCT_NAME = "$(TARGET_NAME)";
				PROVISIONING_PROFILE = "";
				PROVISIONING_PROFILE_SPECIFIER = "";
				SWIFT_VERSION = 4.2;
				TARGETED_DEVICE_FAMILY = "1,2";
			};
			name = Debug;
		};
		12D582AA20CED5B80003B317 /* Release */ = {
			isa = XCBuildConfiguration;
			baseConfigurationReference = 69B1CFC24FBA38A6147BC427 /* Pods-Mensal.release.xcconfig */;
			buildSettings = {
				ASSETCATALOG_COMPILER_APPICON_NAME = AppIcon;
				CODE_SIGN_IDENTITY = "iPhone Developer";
				CODE_SIGN_STYLE = Automatic;
				DEVELOPMENT_TEAM = BZA995XLF9;
				INFOPLIST_FILE = "$(SRCROOT)/Source/App/Info.plist";
				LD_RUNPATH_SEARCH_PATHS = (
					"$(inherited)",
					"@executable_path/Frameworks",
				);
				PRODUCT_BUNDLE_IDENTIFIER = teste.crud.ios.Mensal;
				PRODUCT_NAME = "$(TARGET_NAME)";
				PROVISIONING_PROFILE_SPECIFIER = "";
				SWIFT_VERSION = 4.2;
				TARGETED_DEVICE_FAMILY = "1,2";
			};
			name = Release;
		};
/* End XCBuildConfiguration section */

/* Begin XCConfigurationList section */
		12D5828E20CED5B60003B317 /* Build configuration list for PBXProject "Mensal" */ = {
			isa = XCConfigurationList;
			buildConfigurations = (
				12D582A620CED5B80003B317 /* Debug */,
				12D582A720CED5B80003B317 /* Release */,
			);
			defaultConfigurationIsVisible = 0;
			defaultConfigurationName = Release;
		};
		12D582A820CED5B80003B317 /* Build configuration list for PBXNativeTarget "Mensal" */ = {
			isa = XCConfigurationList;
			buildConfigurations = (
				12D582A920CED5B80003B317 /* Debug */,
				12D582AA20CED5B80003B317 /* Release */,
			);
			defaultConfigurationIsVisible = 0;
			defaultConfigurationName = Release;
		};
/* End XCConfigurationList section */

/* Begin XCVersionGroup section */
		12D5829D20CED5B60003B317 /* Mensal.xcdatamodeld */ = {
			isa = XCVersionGroup;
			children = (
				12D5829E20CED5B60003B317 /* Mensal.xcdatamodel */,
			);
			currentVersion = 12D5829E20CED5B60003B317 /* Mensal.xcdatamodel */;
			path = Mensal.xcdatamodeld;
			sourceTree = "<group>";
			versionGroupType = wrapper.xcdatamodel;
		};
/* End XCVersionGroup section */
	};
	rootObject = 12D5828B20CED5B60003B317 /* Project object */;
}
