// !$*UTF8*$!
{
	archiveVersion = 1;
	classes = {
	};
	objectVersion = 50;
	objects = {

/* Begin PBXBuildFile section */
		014307DC69168EA44F0FCA67 /* Pods_Mensal.framework in Frameworks */ = {isa = PBXBuildFile; fileRef = 4BA46E1885F46DF90003EC6E /* Pods_Mensal.framework */; };
		12D5829720CED5B60003B317 /* AppDelegate.swift in Sources */ = {isa = PBXBuildFile; fileRef = 12D5829620CED5B60003B317 /* AppDelegate.swift */; };
		12D5829920CED5B60003B317 /* ViewController.swift in Sources */ = {isa = PBXBuildFile; fileRef = 12D5829820CED5B60003B317 /* ViewController.swift */; };
		12D5829C20CED5B60003B317 /* Main.storyboard in Resources */ = {isa = PBXBuildFile; fileRef = 12D5829A20CED5B60003B317 /* Main.storyboard */; };
		12D5829F20CED5B60003B317 /* Mensal.xcdatamodeld in Sources */ = {isa = PBXBuildFile; fileRef = 12D5829D20CED5B60003B317 /* Mensal.xcdatamodeld */; };
		12D582A120CED5B80003B317 /* Assets.xcassets in Resources */ = {isa = PBXBuildFile; fileRef = 12D582A020CED5B80003B317 /* Assets.xcassets */; };
		12D582A420CED5B80003B317 /* LaunchScreen.storyboard in Resources */ = {isa = PBXBuildFile; fileRef = 12D582A220CED5B80003B317 /* LaunchScreen.storyboard */; };
/* End PBXBuildFile section */

/* Begin PBXFileReference section */
		12D5829320CED5B60003B317 /* Mensal.app */ = {isa = PBXFileReference; explicitFileType = wrapper.application; includeInIndex = 0; path = Mensal.app; sourceTree = BUILT_PRODUCTS_DIR; };
		12D5829620CED5B60003B317 /* AppDelegate.swift */ = {isa = PBXFileReference; lastKnownFileType = sourcecode.swift; path = AppDelegate.swift; sourceTree = "<group>"; };
		12D5829820CED5B60003B317 /* ViewController.swift */ = {isa = PBXFileReference; lastKnownFileType = sourcecode.swift; path = ViewController.swift; sourceTree = "<group>"; };
		12D5829B20CED5B60003B317 /* Base */ = {isa = PBXFileReference; lastKnownFileType = file.storyboard; name = Base; path = Base.lproj/Main.storyboard; sourceTree = "<group>"; };
		12D5829E20CED5B60003B317 /* Mensal.xcdatamodel */ = {isa = PBXFileReference; lastKnownFileType = wrapper.xcdatamodel; path = Mensal.xcdatamodel; sourceTree = "<group>"; };
		12D582A020CED5B80003B317 /* Assets.xcassets */ = {isa = PBXFileReference; lastKnownFileType = folder.assetcatalog; path = Assets.xcassets; sourceTree = "<group>"; };
		12D582A320CED5B80003B317 /* Base */ = {isa = PBXFileReference; lastKnownFileType = file.storyboard; name = Base; path = Base.lproj/LaunchScreen.storyboard; sourceTree = "<group>"; };
		12D582A520CED5B80003B317 /* Info.plist */ = {isa = PBXFileReference; lastKnownFileType = text.plist.xml; path = Info.plist; sourceTree = "<group>"; };
		4BA46E1885F46DF90003EC6E /* Pods_Mensal.framework */ = {isa = PBXFileReference; explicitFileType = wrapper.framework; includeInIndex = 0; path = Pods_Mensal.framework; sourceTree = BUILT_PRODUCTS_DIR; };
		69B1CFC24FBA38A6147BC427 /* Pods-Mensal.release.xcconfig */ = {isa = PBXFileReference; includeInIndex = 1; lastKnownFileType = text.xcconfig; name = "Pods-Mensal.release.xcconfig"; path = "Pods/Target Support Files/Pods-Mensal/Pods-Mensal.release.xcconfig"; sourceTree = "<group>"; };
		BE3EA5ABEE55EBD15ED03FF6 /* Pods-Mensal.debug.xcconfig */ = {isa = PBXFileReference; includeInIndex = 1; lastKnownFileType = text.xcconfig; name = "Pods-Mensal.debug.xcconfig"; path = "Pods/Target Support Files/Pods-Mensal/Pods-Mensal.debug.xcconfig"; sourceTree = "<group>"; };
/* End PBXFileReference section */

/* Begin PBXFrameworksBuildPhase section */
		12D5829020CED5B60003B317 /* Frameworks */ = {
			isa = PBXFrameworksBuildPhase;
			buildActionMask = 2147483647;
			files = (
				014307DC69168EA44F0FCA67 /* Pods_Mensal.framework in Frameworks */,
			);
			runOnlyForDeploymentPostprocessing = 0;
		};
/* End PBXFrameworksBuildPhase section */

/* Begin PBXGroup section */
		12D5828A20CED5B60003B317 = {
			isa = PBXGroup;
			children = (
				12D5829520CED5B60003B317 /* Mensal */,
				12D5829420CED5B60003B317 /* Products */,
				D7A7E82A2DD4CDB126690665 /* Pods */,
				1FA92442DD266E4A72AC357B /* Frameworks */,
			);
			sourceTree = "<group>";
		};
		12D5829420CED5B60003B317 /* Products */ = {
			isa = PBXGroup;
			children = (
				12D5829320CED5B60003B317 /* Mensal.app */,
			);
			name = Products;
			sourceTree = "<group>";
		};
		12D5829520CED5B60003B317 /* Mensal */ = {
			isa = PBXGroup;
			children = (
				12D5829620CED5B60003B317 /* AppDelegate.swift */,
				12D5829820CED5B60003B317 /* ViewController.swift */,
				12D5829A20CED5B60003B317 /* Main.storyboard */,
				12D582A020CED5B80003B317 /* Assets.xcassets */,
				12D582A220CED5B80003B317 /* LaunchScreen.storyboard */,
				12D582A520CED5B80003B317 /* Info.plist */,
				12D5829D20CED5B60003B317 /* Mensal.xcdatamodeld */,
			);
			path = Mensal;
			sourceTree = "<group>";
		};
		1FA92442DD266E4A72AC357B /* Frameworks */ = {
			isa = PBXGroup;
			children = (
				4BA46E1885F46DF90003EC6E /* Pods_Mensal.framework */,
			);
			name = Frameworks;
			sourceTree = "<group>";
		};
		D7A7E82A2DD4CDB126690665 /* Pods */ = {
			isa = PBXGroup;
			children = (
				BE3EA5ABEE55EBD15ED03FF6 /* Pods-Mensal.debug.xcconfig */,
				69B1CFC24FBA38A6147BC427 /* Pods-Mensal.release.xcconfig */,
			);
			name = Pods;
			sourceTree = "<group>";
		};
/* End PBXGroup section */

/* Begin PBXNativeTarget section */
		12D5829220CED5B60003B317 /* Mensal */ = {
			isa = PBXNativeTarget;
			buildConfigurationList = 12D582A820CED5B80003B317 /* Build configuration list for PBXNativeTarget "Mensal" */;
			buildPhases = (
				6BD8250047DC44D322B464BA /* [CP] Check Pods Manifest.lock */,
				12D5828F20CED5B60003B317 /* Sources */,
				12D5829020CED5B60003B317 /* Frameworks */,
				12D5829120CED5B60003B317 /* Resources */,
			);
			buildRules = (
			);
			dependencies = (
			);
			name = Mensal;
			productName = Mensal;
			productReference = 12D5829320CED5B60003B317 /* Mensal.app */;
			productType = "com.apple.product-type.application";
		};
/* End PBXNativeTarget section */

/* Begin PBXProject section */
		12D5828B20CED5B60003B317 /* Project object */ = {
			isa = PBXProject;
			attributes = {
				LastSwiftUpdateCheck = 0940;
				LastUpgradeCheck = 0940;
				ORGANIZATIONNAME = "Cleverson Sacramento";
				TargetAttributes = {
					12D5829220CED5B60003B317 = {
						CreatedOnToolsVersion = 9.4;
					};
				};
			};
			buildConfigurationList = 12D5828E20CED5B60003B317 /* Build configuration list for PBXProject "Mensal" */;
			compatibilityVersion = "Xcode 9.3";
			developmentRegion = en;
			hasScannedForEncodings = 0;
			knownRegions = (
				en,
				Base,
			);
			mainGroup = 12D5828A20CED5B60003B317;
			productRefGroup = 12D5829420CED5B60003B317 /* Products */;
			projectDirPath = "";
			projectRoot = "";
			targets = (
				12D5829220CED5B60003B317 /* Mensal */,
			);
		};
/* End PBXProject section */

/* Begin PBXResourcesBuildPhase section */
		12D5829120CED5B60003B317 /* Resources */ = {
			isa = PBXResourcesBuildPhase;
			buildActionMask = 2147483647;
			files = (
				12D582A420CED5B80003B317 /* LaunchScreen.storyboard in Resources */,
				12D582A120CED5B80003B317 /* Assets.xcassets in Resources */,
				12D5829C20CED5B60003B317 /* Main.storyboard in Resources */,
			);
			runOnlyForDeploymentPostprocessing = 0;
		};
/* End PBXResourcesBuildPhase section */

/* Begin PBXShellScriptBuildPhase section */
		6BD8250047DC44D322B464BA /* [CP] Check Pods Manifest.lock */ = {
			isa = PBXShellScriptBuildPhase;
			buildActionMask = 2147483647;
			files = (
			);
			inputPaths = (
				"${PODS_PODFILE_DIR_PATH}/Podfile.lock",
				"${PODS_ROOT}/Manifest.lock",
			);
			name = "[CP] Check Pods Manifest.lock";
			outputPaths = (
				"$(DERIVED_FILE_DIR)/Pods-Mensal-checkManifestLockResult.txt",
			);
			runOnlyForDeploymentPostprocessing = 0;
			shellPath = /bin/sh;
			shellScript = "diff \"${PODS_PODFILE_DIR_PATH}/Podfile.lock\" \"${PODS_ROOT}/Manifest.lock\" > /dev/null\nif [ $? != 0 ] ; then\n    # print error to STDERR\n    echo \"error: The sandbox is not in sync with the Podfile.lock. Run 'pod install' or update your CocoaPods installation.\" >&2\n    exit 1\nfi\n# This output is used by Xcode 'outputs' to avoid re-running this script phase.\necho \"SUCCESS\" > \"${SCRIPT_OUTPUT_FILE_0}\"\n";
			showEnvVarsInLog = 0;
		};
/* End PBXShellScriptBuildPhase section */

/* Begin PBXSourcesBuildPhase section */
		12D5828F20CED5B60003B317 /* Sources */ = {
			isa = PBXSourcesBuildPhase;
			buildActionMask = 2147483647;
			files = (
				12D5829920CED5B60003B317 /* ViewController.swift in Sources */,
				12D5829F20CED5B60003B317 /* Mensal.xcdatamodeld in Sources */,
				12D5829720CED5B60003B317 /* AppDelegate.swift in Sources */,
			);
			runOnlyForDeploymentPostprocessing = 0;
		};
/* End PBXSourcesBuildPhase section */

/* Begin PBXVariantGroup section */
		12D5829A20CED5B60003B317 /* Main.storyboard */ = {
			isa = PBXVariantGroup;
			children = (
				12D5829B20CED5B60003B317 /* Base */,
			);
			name = Main.storyboard;
			sourceTree = "<group>";
		};
		12D582A220CED5B80003B317 /* LaunchScreen.storyboard */ = {
			isa = PBXVariantGroup;
			children = (
				12D582A320CED5B80003B317 /* Base */,
			);
			name = LaunchScreen.storyboard;
			sourceTree = "<group>";
		};
/* End PBXVariantGroup section */

/* Begin XCBuildConfiguration section */
		12D582A620CED5B80003B317 /* Debug */ = {
			isa = XCBuildConfiguration;
			buildSettings = {
				ALWAYS_SEARCH_USER_PATHS = NO;
				CLANG_ANALYZER_NONNULL = YES;
				CLANG_ANALYZER_NUMBER_OBJECT_CONVERSION = YES_AGGRESSIVE;
				CLANG_CXX_LANGUAGE_STANDARD = "gnu++14";
				CLANG_CXX_LIBRARY = "libc++";
				CLANG_ENABLE_MODULES = YES;
				CLANG_ENABLE_OBJC_ARC = YES;
				CLANG_ENABLE_OBJC_WEAK = YES;
				CLANG_WARN_BLOCK_CAPTURE_AUTORELEASING = YES;
				CLANG_WARN_BOOL_CONVERSION = YES;
				CLANG_WARN_COMMA = YES;
				CLANG_WARN_CONSTANT_CONVERSION = YES;
				CLANG_WARN_DEPRECATED_OBJC_IMPLEMENTATIONS = YES;
				CLANG_WARN_DIRECT_OBJC_ISA_USAGE = YES_ERROR;
				CLANG_WARN_DOCUMENTATION_COMMENTS = YES;
				CLANG_WARN_EMPTY_BODY = YES;
				CLANG_WARN_ENUM_CONVERSION = YES;
				CLANG_WARN_INFINITE_RECURSION = YES;
				CLANG_WARN_INT_CONVERSION = YES;
				CLANG_WARN_NON_LITERAL_NULL_CONVERSION = YES;
				CLANG_WARN_OBJC_IMPLICIT_RETAIN_SELF = YES;
				CLANG_WARN_OBJC_LITERAL_CONVERSION = YES;
				CLANG_WARN_OBJC_ROOT_CLASS = YES_ERROR;
				CLANG_WARN_RANGE_LOOP_ANALYSIS = YES;
				CLANG_WARN_STRICT_PROTOTYPES = YES;
				CLANG_WARN_SUSPICIOUS_MOVE = YES;
				CLANG_WARN_UNGUARDED_AVAILABILITY = YES_AGGRESSIVE;
				CLANG_WARN_UNREACHABLE_CODE = YES;
				CLANG_WARN__DUPLICATE_METHOD_MATCH = YES;
				CODE_SIGN_IDENTITY = "iPhone Developer";
				COPY_PHASE_STRIP = NO;
				DEBUG_INFORMATION_FORMAT = dwarf;
				ENABLE_STRICT_OBJC_MSGSEND = YES;
				ENABLE_TESTABILITY = YES;
				GCC_C_LANGUAGE_STANDARD = gnu11;
				GCC_DYNAMIC_NO_PIC = NO;
				GCC_NO_COMMON_BLOCKS = YES;
				GCC_OPTIMIZATION_LEVEL = 0;
				GCC_PREPROCESSOR_DEFINITIONS = (
					"DEBUG=1",
					"$(inherited)",
				);
				GCC_WARN_64_TO_32_BIT_CONVERSION = YES;
				GCC_WARN_ABOUT_RETURN_TYPE = YES_ERROR;
				GCC_WARN_UNDECLARED_SELECTOR = YES;
				GCC_WARN_UNINITIALIZED_AUTOS = YES_AGGRESSIVE;
				GCC_WARN_UNUSED_FUNCTION = YES;
				GCC_WARN_UNUSED_VARIABLE = YES;
				IPHONEOS_DEPLOYMENT_TARGET = 11.4;
				MTL_ENABLE_DEBUG_INFO = YES;
				ONLY_ACTIVE_ARCH = YES;
				SDKROOT = iphoneos;
				SWIFT_ACTIVE_COMPILATION_CONDITIONS = DEBUG;
				SWIFT_OPTIMIZATION_LEVEL = "-Onone";
			};
			name = Debug;
		};
		12D582A720CED5B80003B317 /* Release */ = {
			isa = XCBuildConfiguration;
			buildSettings = {
				ALWAYS_SEARCH_USER_PATHS = NO;
				CLANG_ANALYZER_NONNULL = YES;
				CLANG_ANALYZER_NUMBER_OBJECT_CONVERSION = YES_AGGRESSIVE;
				CLANG_CXX_LANGUAGE_STANDARD = "gnu++14";
				CLANG_CXX_LIBRARY = "libc++";
				CLANG_ENABLE_MODULES = YES;
				CLANG_ENABLE_OBJC_ARC = YES;
				CLANG_ENABLE_OBJC_WEAK = YES;
				CLANG_WARN_BLOCK_CAPTURE_AUTORELEASING = YES;
				CLANG_WARN_BOOL_CONVERSION = YES;
				CLANG_WARN_COMMA = YES;
				CLANG_WARN_CONSTANT_CONVERSION = YES;
				CLANG_WARN_DEPRECATED_OBJC_IMPLEMENTATIONS = YES;
				CLANG_WARN_DIRECT_OBJC_ISA_USAGE = YES_ERROR;
				CLANG_WARN_DOCUMENTATION_COMMENTS = YES;
				CLANG_WARN_EMPTY_BODY = YES;
				CLANG_WARN_ENUM_CONVERSION = YES;
				CLANG_WARN_INFINITE_RECURSION = YES;
				CLANG_WARN_INT_CONVERSION = YES;
				CLANG_WARN_NON_LITERAL_NULL_CONVERSION = YES;
				CLANG_WARN_OBJC_IMPLICIT_RETAIN_SELF = YES;
				CLANG_WARN_OBJC_LITERAL_CONVERSION = YES;
				CLANG_WARN_OBJC_ROOT_CLASS = YES_ERROR;
				CLANG_WARN_RANGE_LOOP_ANALYSIS = YES;
				CLANG_WARN_STRICT_PROTOTYPES = YES;
				CLANG_WARN_SUSPICIOUS_MOVE = YES;
				CLANG_WARN_UNGUARDED_AVAILABILITY = YES_AGGRESSIVE;
				CLANG_WARN_UNREACHABLE_CODE = YES;
				CLANG_WARN__DUPLICATE_METHOD_MATCH = YES;
				CODE_SIGN_IDENTITY = "iPhone Developer";
				COPY_PHASE_STRIP = NO;
				DEBUG_INFORMATION_FORMAT = "dwarf-with-dsym";
				ENABLE_NS_ASSERTIONS = NO;
				ENABLE_STRICT_OBJC_MSGSEND = YES;
				GCC_C_LANGUAGE_STANDARD = gnu11;
				GCC_NO_COMMON_BLOCKS = YES;
				GCC_WARN_64_TO_32_BIT_CONVERSION = YES;
				GCC_WARN_ABOUT_RETURN_TYPE = YES_ERROR;
				GCC_WARN_UNDECLARED_SELECTOR = YES;
				GCC_WARN_UNINITIALIZED_AUTOS = YES_AGGRESSIVE;
				GCC_WARN_UNUSED_FUNCTION = YES;
				GCC_WARN_UNUSED_VARIABLE = YES;
				IPHONEOS_DEPLOYMENT_TARGET = 11.4;
				MTL_ENABLE_DEBUG_INFO = NO;
				SDKROOT = iphoneos;
				SWIFT_COMPILATION_MODE = wholemodule;
				SWIFT_OPTIMIZATION_LEVEL = "-O";
				VALIDATE_PRODUCT = YES;
			};
			name = Release;
		};
		12D582A920CED5B80003B317 /* Debug */ = {
			isa = XCBuildConfiguration;
			baseConfigurationReference = BE3EA5ABEE55EBD15ED03FF6 /* Pods-Mensal.debug.xcconfig */;
			buildSettings = {
				ASSETCATALOG_COMPILER_APPICON_NAME = AppIcon;
				CODE_SIGN_STYLE = Automatic;
				DEVELOPMENT_TEAM = BZA995XLF9;
				INFOPLIST_FILE = Mensal/Info.plist;
				LD_RUNPATH_SEARCH_PATHS = "$(inherited) @executable_path/Frameworks";
				PRODUCT_BUNDLE_IDENTIFIER = teste.crud.ios.Mensal;
				PRODUCT_NAME = "$(TARGET_NAME)";
				SWIFT_VERSION = 4.0;
				TARGETED_DEVICE_FAMILY = "1,2";
			};
			name = Debug;
		};
		12D582AA20CED5B80003B317 /* Release */ = {
			isa = XCBuildConfiguration;
			baseConfigurationReference = 69B1CFC24FBA38A6147BC427 /* Pods-Mensal.release.xcconfig */;
			buildSettings = {
				ASSETCATALOG_COMPILER_APPICON_NAME = AppIcon;
				CODE_SIGN_STYLE = Automatic;
				DEVELOPMENT_TEAM = BZA995XLF9;
				INFOPLIST_FILE = Mensal/Info.plist;
				LD_RUNPATH_SEARCH_PATHS = "$(inherited) @executable_path/Frameworks";
				PRODUCT_BUNDLE_IDENTIFIER = teste.crud.ios.Mensal;
				PRODUCT_NAME = "$(TARGET_NAME)";
				SWIFT_VERSION = 4.0;
				TARGETED_DEVICE_FAMILY = "1,2";
			};
			name = Release;
		};
/* End XCBuildConfiguration section */

/* Begin XCConfigurationList section */
		12D5828E20CED5B60003B317 /* Build configuration list for PBXProject "Mensal" */ = {
			isa = XCConfigurationList;
			buildConfigurations = (
				12D582A620CED5B80003B317 /* Debug */,
				12D582A720CED5B80003B317 /* Release */,
			);
			defaultConfigurationIsVisible = 0;
			defaultConfigurationName = Release;
		};
		12D582A820CED5B80003B317 /* Build configuration list for PBXNativeTarget "Mensal" */ = {
			isa = XCConfigurationList;
			buildConfigurations = (
				12D582A920CED5B80003B317 /* Debug */,
				12D582AA20CED5B80003B317 /* Release */,
			);
			defaultConfigurationIsVisible = 0;
			defaultConfigurationName = Release;
		};
/* End XCConfigurationList section */

/* Begin XCVersionGroup section */
		12D5829D20CED5B60003B317 /* Mensal.xcdatamodeld */ = {
			isa = XCVersionGroup;
			children = (
				12D5829E20CED5B60003B317 /* Mensal.xcdatamodel */,
			);
			currentVersion = 12D5829E20CED5B60003B317 /* Mensal.xcdatamodel */;
			path = Mensal.xcdatamodeld;
			sourceTree = "<group>";
			versionGroupType = wrapper.xcdatamodel;
		};
/* End XCVersionGroup section */
	};
	rootObject = 12D5828B20CED5B60003B317 /* Project object */;
}
