// !$*UTF8*$!
{
	archiveVersion = 1;
	classes = {
	};
	objectVersion = 50;
	objects = {

/* Begin PBXBuildFile section */
		014307DC69168EA44F0FCA67 /* Pods_Mensal.framework in Frameworks */ = {isa = PBXBuildFile; fileRef = 4BA46E1885F46DF90003EC6E /* Pods_Mensal.framework */; };
		126FF36420CEEF880019BB9F /* InfoPlist.strings in Resources */ = {isa = PBXBuildFile; fileRef = 126FF36620CEEF880019BB9F /* InfoPlist.strings */; };
		126FF36720CEEF8B0019BB9F /* Localizable.strings in Resources */ = {isa = PBXBuildFile; fileRef = 126FF36920CEEF8B0019BB9F /* Localizable.strings */; };
		126FF36B20CEF0220019BB9F /* MesesVC.swift in Sources */ = {isa = PBXBuildFile; fileRef = 126FF36A20CEF0220019BB9F /* MesesVC.swift */; };
		126FF36D20CEF68E0019BB9F /* MesVC.swift in Sources */ = {isa = PBXBuildFile; fileRef = 126FF36C20CEF68E0019BB9F /* MesVC.swift */; };
		126FF36F20CEF6A50019BB9F /* EdicaoVC.swift in Sources */ = {isa = PBXBuildFile; fileRef = 126FF36E20CEF6A50019BB9F /* EdicaoVC.swift */; };
		126FF37120CEF6AD0019BB9F /* DetalheVC.swift in Sources */ = {isa = PBXBuildFile; fileRef = 126FF37020CEF6AD0019BB9F /* DetalheVC.swift */; };
		126FF37320CF01AD0019BB9F /* GrupoManager.swift in Sources */ = {isa = PBXBuildFile; fileRef = 126FF37220CF01AD0019BB9F /* GrupoManager.swift */; };
		126FF37620CF02400019BB9F /* Mes.swift in Sources */ = {isa = PBXBuildFile; fileRef = 126FF37520CF02400019BB9F /* Mes.swift */; };
		126FF37820CF0FD30019BB9F /* MesManager.swift in Sources */ = {isa = PBXBuildFile; fileRef = 126FF37720CF0FD30019BB9F /* MesManager.swift */; };
		126FF37D20CF168E0019BB9F /* Date.swift in Sources */ = {isa = PBXBuildFile; fileRef = 126FF37C20CF168E0019BB9F /* Date.swift */; };
		126FF37F20CF43060019BB9F /* PrincipalVC.swift in Sources */ = {isa = PBXBuildFile; fileRef = 126FF37E20CF43060019BB9F /* PrincipalVC.swift */; };
		126FF38120CF43DA0019BB9F /* UIStoryboard.swift in Sources */ = {isa = PBXBuildFile; fileRef = 126FF38020CF43DA0019BB9F /* UIStoryboard.swift */; };
		12ADCAB220CEE4AA0068824E /* Database.swift in Sources */ = {isa = PBXBuildFile; fileRef = 12ADCAB120CEE4AA0068824E /* Database.swift */; };
		12D5829720CED5B60003B317 /* AppDelegate.swift in Sources */ = {isa = PBXBuildFile; fileRef = 12D5829620CED5B60003B317 /* AppDelegate.swift */; };
		12D5829C20CED5B60003B317 /* Main.storyboard in Resources */ = {isa = PBXBuildFile; fileRef = 12D5829A20CED5B60003B317 /* Main.storyboard */; };
		12D5829F20CED5B60003B317 /* Database.xcdatamodeld in Sources */ = {isa = PBXBuildFile; fileRef = 12D5829D20CED5B60003B317 /* Database.xcdatamodeld */; };
		12D582A120CED5B80003B317 /* Assets.xcassets in Resources */ = {isa = PBXBuildFile; fileRef = 12D582A020CED5B80003B317 /* Assets.xcassets */; };
		12D582A420CED5B80003B317 /* LaunchScreen.storyboard in Resources */ = {isa = PBXBuildFile; fileRef = 12D582A220CED5B80003B317 /* LaunchScreen.storyboard */; };
/* End PBXBuildFile section */

/* Begin PBXFileReference section */
		1222AC0020CEEB46002CC4AD /* pt-BR */ = {isa = PBXFileReference; lastKnownFileType = file.storyboard; name = "pt-BR"; path = "pt-BR.lproj/LaunchScreen.storyboard"; sourceTree = "<group>"; };
		1222AC0120CEEB46002CC4AD /* pt-BR */ = {isa = PBXFileReference; lastKnownFileType = file.storyboard; name = "pt-BR"; path = "pt-BR.lproj/Main.storyboard"; sourceTree = "<group>"; };
		126FF36520CEEF880019BB9F /* pt-BR */ = {isa = PBXFileReference; lastKnownFileType = text.plist.strings; name = "pt-BR"; path = "pt-BR.lproj/InfoPlist.strings"; sourceTree = "<group>"; };
		126FF36820CEEF8B0019BB9F /* pt-BR */ = {isa = PBXFileReference; lastKnownFileType = text.plist.strings; name = "pt-BR"; path = "pt-BR.lproj/Localizable.strings"; sourceTree = "<group>"; };
		126FF36A20CEF0220019BB9F /* MesesVC.swift */ = {isa = PBXFileReference; lastKnownFileType = sourcecode.swift; path = MesesVC.swift; sourceTree = "<group>"; };
		126FF36C20CEF68E0019BB9F /* MesVC.swift */ = {isa = PBXFileReference; lastKnownFileType = sourcecode.swift; path = MesVC.swift; sourceTree = "<group>"; };
		126FF36E20CEF6A50019BB9F /* EdicaoVC.swift */ = {isa = PBXFileReference; lastKnownFileType = sourcecode.swift; path = EdicaoVC.swift; sourceTree = "<group>"; };
		126FF37020CEF6AD0019BB9F /* DetalheVC.swift */ = {isa = PBXFileReference; lastKnownFileType = sourcecode.swift; path = DetalheVC.swift; sourceTree = "<group>"; };
		126FF37220CF01AD0019BB9F /* GrupoManager.swift */ = {isa = PBXFileReference; lastKnownFileType = sourcecode.swift; path = GrupoManager.swift; sourceTree = "<group>"; };
		126FF37520CF02400019BB9F /* Mes.swift */ = {isa = PBXFileReference; lastKnownFileType = sourcecode.swift; path = Mes.swift; sourceTree = "<group>"; };
		126FF37720CF0FD30019BB9F /* MesManager.swift */ = {isa = PBXFileReference; lastKnownFileType = sourcecode.swift; path = MesManager.swift; sourceTree = "<group>"; };
		126FF37C20CF168E0019BB9F /* Date.swift */ = {isa = PBXFileReference; lastKnownFileType = sourcecode.swift; path = Date.swift; sourceTree = "<group>"; };
		126FF37E20CF43060019BB9F /* PrincipalVC.swift */ = {isa = PBXFileReference; lastKnownFileType = sourcecode.swift; path = PrincipalVC.swift; sourceTree = "<group>"; };
		126FF38020CF43DA0019BB9F /* UIStoryboard.swift */ = {isa = PBXFileReference; lastKnownFileType = sourcecode.swift; path = UIStoryboard.swift; sourceTree = "<group>"; };
		12ADCAB120CEE4AA0068824E /* Database.swift */ = {isa = PBXFileReference; lastKnownFileType = sourcecode.swift; path = Database.swift; sourceTree = "<group>"; };
		12D5829320CED5B60003B317 /* Mensal.app */ = {isa = PBXFileReference; explicitFileType = wrapper.application; includeInIndex = 0; path = Mensal.app; sourceTree = BUILT_PRODUCTS_DIR; };
		12D5829620CED5B60003B317 /* AppDelegate.swift */ = {isa = PBXFileReference; lastKnownFileType = sourcecode.swift; path = AppDelegate.swift; sourceTree = "<group>"; };
		12D5829E20CED5B60003B317 /* Mensal.xcdatamodel */ = {isa = PBXFileReference; lastKnownFileType = wrapper.xcdatamodel; path = Mensal.xcdatamodel; sourceTree = "<group>"; };
		12D582A020CED5B80003B317 /* Assets.xcassets */ = {isa = PBXFileReference; lastKnownFileType = folder.assetcatalog; path = Assets.xcassets; sourceTree = "<group>"; };
		12D582A520CED5B80003B317 /* Info.plist */ = {isa = PBXFileReference; lastKnownFileType = text.plist.xml; path = Info.plist; sourceTree = "<group>"; };
		4BA46E1885F46DF90003EC6E /* Pods_Mensal.framework */ = {isa = PBXFileReference; explicitFileType = wrapper.framework; includeInIndex = 0; path = Pods_Mensal.framework; sourceTree = BUILT_PRODUCTS_DIR; };
		69B1CFC24FBA38A6147BC427 /* Pods-Mensal.release.xcconfig */ = {isa = PBXFileReference; includeInIndex = 1; lastKnownFileType = text.xcconfig; name = "Pods-Mensal.release.xcconfig"; path = "Pods/Target Support Files/Pods-Mensal/Pods-Mensal.release.xcconfig"; sourceTree = "<group>"; };
		BE3EA5ABEE55EBD15ED03FF6 /* Pods-Mensal.debug.xcconfig */ = {isa = PBXFileReference; includeInIndex = 1; lastKnownFileType = text.xcconfig; name = "Pods-Mensal.debug.xcconfig"; path = "Pods/Target Support Files/Pods-Mensal/Pods-Mensal.debug.xcconfig"; sourceTree = "<group>"; };
/* End PBXFileReference section */

/* Begin PBXFrameworksBuildPhase section */
		12D5829020CED5B60003B317 /* Frameworks */ = {
			isa = PBXFrameworksBuildPhase;
			buildActionMask = 2147483647;
			files = (
				014307DC69168EA44F0FCA67 /* Pods_Mensal.framework in Frameworks */,
			);
			runOnlyForDeploymentPostprocessing = 0;
		};
/* End PBXFrameworksBuildPhase section */

/* Begin PBXGroup section */
		126FF37420CF022F0019BB9F /* Entity */ = {
			isa = PBXGroup;
			children = (
				126FF37520CF02400019BB9F /* Mes.swift */,
			);
			path = Entity;
			sourceTree = "<group>";
		};
		126FF37B20CF16730019BB9F /* Extensions */ = {
			isa = PBXGroup;
			children = (
				126FF37C20CF168E0019BB9F /* Date.swift */,
				126FF38020CF43DA0019BB9F /* UIStoryboard.swift */,
			);
			path = Extensions;
			sourceTree = "<group>";
		};
		12ADCAAA20CEDC4D0068824E /* View */ = {
			isa = PBXGroup;
			children = (
				12D582A220CED5B80003B317 /* LaunchScreen.storyboard */,
				12D5829A20CED5B60003B317 /* Main.storyboard */,
				126FF37E20CF43060019BB9F /* PrincipalVC.swift */,
				126FF36A20CEF0220019BB9F /* MesesVC.swift */,
				126FF36C20CEF68E0019BB9F /* MesVC.swift */,
				126FF37020CEF6AD0019BB9F /* DetalheVC.swift */,
				126FF36E20CEF6A50019BB9F /* EdicaoVC.swift */,
			);
			path = View;
			sourceTree = "<group>";
		};
		12ADCAAB20CEDC550068824E /* App */ = {
			isa = PBXGroup;
			children = (
				12D5829620CED5B60003B317 /* AppDelegate.swift */,
				12D582A520CED5B80003B317 /* Info.plist */,
				126FF36620CEEF880019BB9F /* InfoPlist.strings */,
				126FF36920CEEF8B0019BB9F /* Localizable.strings */,
				12D582A020CED5B80003B317 /* Assets.xcassets */,
			);
			path = App;
			sourceTree = "<group>";
		};
		12ADCAAC20CEDC5E0068824E /* Manager */ = {
			isa = PBXGroup;
			children = (
				126FF37220CF01AD0019BB9F /* GrupoManager.swift */,
				126FF37720CF0FD30019BB9F /* MesManager.swift */,
				12ADCAB120CEE4AA0068824E /* Database.swift */,
				12D5829D20CED5B60003B317 /* Database.xcdatamodeld */,
			);
			path = Manager;
			sourceTree = "<group>";
		};
		12D5828A20CED5B60003B317 = {
			isa = PBXGroup;
			children = (
				12D5829520CED5B60003B317 /* Source */,
				12D5829420CED5B60003B317 /* Products */,
				D7A7E82A2DD4CDB126690665 /* Pods */,
				1FA92442DD266E4A72AC357B /* Frameworks */,
			);
			sourceTree = "<group>";
		};
		12D5829420CED5B60003B317 /* Products */ = {
			isa = PBXGroup;
			children = (
				12D5829320CED5B60003B317 /* Mensal.app */,
			);
			name = Products;
			sourceTree = "<group>";
		};
		12D5829520CED5B60003B317 /* Source */ = {
			isa = PBXGroup;
			children = (
				12ADCAAA20CEDC4D0068824E /* View */,
				126FF37420CF022F0019BB9F /* Entity */,
				12ADCAAC20CEDC5E0068824E /* Manager */,
				126FF37B20CF16730019BB9F /* Extensions */,
				12ADCAAB20CEDC550068824E /* App */,
			);
			path = Source;
			sourceTree = "<group>";
		};
		1FA92442DD266E4A72AC357B /* Frameworks */ = {
			isa = PBXGroup;
			children = (
				4BA46E1885F46DF90003EC6E /* Pods_Mensal.framework */,
			);
			name = Frameworks;
			sourceTree = "<group>";
		};
		D7A7E82A2DD4CDB126690665 /* Pods */ = {
			isa = PBXGroup;
			children = (
				BE3EA5ABEE55EBD15ED03FF6 /* Pods-Mensal.debug.xcconfig */,
				69B1CFC24FBA38A6147BC427 /* Pods-Mensal.release.xcconfig */,
			);
			name = Pods;
			sourceTree = "<group>";
		};
/* End PBXGroup section */

/* Begin PBXNativeTarget section */
		12D5829220CED5B60003B317 /* Mensal */ = {
			isa = PBXNativeTarget;
			buildConfigurationList = 12D582A820CED5B80003B317 /* Build configuration list for PBXNativeTarget "Mensal" */;
			buildPhases = (
				6BD8250047DC44D322B464BA /* [CP] Check Pods Manifest.lock */,
				12D5828F20CED5B60003B317 /* Sources */,
				12D5829020CED5B60003B317 /* Frameworks */,
				12D5829120CED5B60003B317 /* Resources */,
				42C6A6F82DD41B20F6B4CB91 /* [CP] Embed Pods Frameworks */,
			);
			buildRules = (
			);
			dependencies = (
			);
			name = Mensal;
			productName = Mensal;
			productReference = 12D5829320CED5B60003B317 /* Mensal.app */;
			productType = "com.apple.product-type.application";
		};
/* End PBXNativeTarget section */

/* Begin PBXProject section */
		12D5828B20CED5B60003B317 /* Project object */ = {
			isa = PBXProject;
			attributes = {
				LastSwiftUpdateCheck = 0940;
				LastUpgradeCheck = 0940;
				ORGANIZATIONNAME = "Cleverson Sacramento";
				TargetAttributes = {
					12D5829220CED5B60003B317 = {
						CreatedOnToolsVersion = 9.4;
					};
				};
			};
			buildConfigurationList = 12D5828E20CED5B60003B317 /* Build configuration list for PBXProject "Mensal" */;
			compatibilityVersion = "Xcode 9.3";
			developmentRegion = "pt-BR";
			hasScannedForEncodings = 0;
			knownRegions = (
				"pt-BR",
			);
			mainGroup = 12D5828A20CED5B60003B317;
			productRefGroup = 12D5829420CED5B60003B317 /* Products */;
			projectDirPath = "";
			projectRoot = "";
			targets = (
				12D5829220CED5B60003B317 /* Mensal */,
			);
		};
/* End PBXProject section */

/* Begin PBXResourcesBuildPhase section */
		12D5829120CED5B60003B317 /* Resources */ = {
			isa = PBXResourcesBuildPhase;
			buildActionMask = 2147483647;
			files = (
				126FF36720CEEF8B0019BB9F /* Localizable.strings in Resources */,
				12D582A420CED5B80003B317 /* LaunchScreen.storyboard in Resources */,
				126FF36420CEEF880019BB9F /* InfoPlist.strings in Resources */,
				12D582A120CED5B80003B317 /* Assets.xcassets in Resources */,
				12D5829C20CED5B60003B317 /* Main.storyboard in Resources */,
			);
			runOnlyForDeploymentPostprocessing = 0;
		};
/* End PBXResourcesBuildPhase section */

/* Begin PBXShellScriptBuildPhase section */
		42C6A6F82DD41B20F6B4CB91 /* [CP] Embed Pods Frameworks */ = {
			isa = PBXShellScriptBuildPhase;
			buildActionMask = 2147483647;
			files = (
			);
			inputPaths = (
				"${SRCROOT}/Pods/Target Support Files/Pods-Mensal/Pods-Mensal-frameworks.sh",
				"${BUILT_PRODUCTS_DIR}/Alamofire/Alamofire.framework",
				"${BUILT_PRODUCTS_DIR}/AlamofireNetworkActivityIndicator/AlamofireNetworkActivityIndicator.framework",
				"${BUILT_PRODUCTS_DIR}/AlamofireSwiftyJSON/AlamofireSwiftyJSON.framework",
				"${BUILT_PRODUCTS_DIR}/AlecrimCoreData/AlecrimCoreData.framework",
				"${BUILT_PRODUCTS_DIR}/Localize-Swift/Localize_Swift.framework",
				"${BUILT_PRODUCTS_DIR}/SwiftDate/SwiftDate.framework",
				"${BUILT_PRODUCTS_DIR}/SwiftyBeaver/SwiftyBeaver.framework",
				"${BUILT_PRODUCTS_DIR}/SwiftyJSON/SwiftyJSON.framework",
				"${BUILT_PRODUCTS_DIR}/SwiftyUserDefaults/SwiftyUserDefaults.framework",
			);
			name = "[CP] Embed Pods Frameworks";
			outputPaths = (
				"${TARGET_BUILD_DIR}/${FRAMEWORKS_FOLDER_PATH}/Alamofire.framework",
				"${TARGET_BUILD_DIR}/${FRAMEWORKS_FOLDER_PATH}/AlamofireNetworkActivityIndicator.framework",
				"${TARGET_BUILD_DIR}/${FRAMEWORKS_FOLDER_PATH}/AlamofireSwiftyJSON.framework",
				"${TARGET_BUILD_DIR}/${FRAMEWORKS_FOLDER_PATH}/AlecrimCoreData.framework",
				"${TARGET_BUILD_DIR}/${FRAMEWORKS_FOLDER_PATH}/Localize_Swift.framework",
				"${TARGET_BUILD_DIR}/${FRAMEWORKS_FOLDER_PATH}/SwiftDate.framework",
				"${TARGET_BUILD_DIR}/${FRAMEWORKS_FOLDER_PATH}/SwiftyBeaver.framework",
				"${TARGET_BUILD_DIR}/${FRAMEWORKS_FOLDER_PATH}/SwiftyJSON.framework",
				"${TARGET_BUILD_DIR}/${FRAMEWORKS_FOLDER_PATH}/SwiftyUserDefaults.framework",
			);
			runOnlyForDeploymentPostprocessing = 0;
			shellPath = /bin/sh;
			shellScript = "\"${SRCROOT}/Pods/Target Support Files/Pods-Mensal/Pods-Mensal-frameworks.sh\"\n";
			showEnvVarsInLog = 0;
		};
		6BD8250047DC44D322B464BA /* [CP] Check Pods Manifest.lock */ = {
			isa = PBXShellScriptBuildPhase;
			buildActionMask = 2147483647;
			files = (
			);
			inputPaths = (
				"${PODS_PODFILE_DIR_PATH}/Podfile.lock",
				"${PODS_ROOT}/Manifest.lock",
			);
			name = "[CP] Check Pods Manifest.lock";
			outputPaths = (
				"$(DERIVED_FILE_DIR)/Pods-Mensal-checkManifestLockResult.txt",
			);
			runOnlyForDeploymentPostprocessing = 0;
			shellPath = /bin/sh;
			shellScript = "diff \"${PODS_PODFILE_DIR_PATH}/Podfile.lock\" \"${PODS_ROOT}/Manifest.lock\" > /dev/null\nif [ $? != 0 ] ; then\n    # print error to STDERR\n    echo \"error: The sandbox is not in sync with the Podfile.lock. Run 'pod install' or update your CocoaPods installation.\" >&2\n    exit 1\nfi\n# This output is used by Xcode 'outputs' to avoid re-running this script phase.\necho \"SUCCESS\" > \"${SCRIPT_OUTPUT_FILE_0}\"\n";
			showEnvVarsInLog = 0;
		};
/* End PBXShellScriptBuildPhase section */

/* Begin PBXSourcesBuildPhase section */
		12D5828F20CED5B60003B317 /* Sources */ = {
			isa = PBXSourcesBuildPhase;
			buildActionMask = 2147483647;
			files = (
				126FF37620CF02400019BB9F /* Mes.swift in Sources */,
				126FF37820CF0FD30019BB9F /* MesManager.swift in Sources */,
				12D5829F20CED5B60003B317 /* Database.xcdatamodeld in Sources */,
				126FF36F20CEF6A50019BB9F /* EdicaoVC.swift in Sources */,
				126FF36D20CEF68E0019BB9F /* MesVC.swift in Sources */,
				12ADCAB220CEE4AA0068824E /* Database.swift in Sources */,
				126FF36B20CEF0220019BB9F /* MesesVC.swift in Sources */,
				126FF37D20CF168E0019BB9F /* Date.swift in Sources */,
				12D5829720CED5B60003B317 /* AppDelegate.swift in Sources */,
				126FF37120CEF6AD0019BB9F /* DetalheVC.swift in Sources */,
				126FF37320CF01AD0019BB9F /* GrupoManager.swift in Sources */,
				126FF37F20CF43060019BB9F /* PrincipalVC.swift in Sources */,
				126FF38120CF43DA0019BB9F /* UIStoryboard.swift in Sources */,
			);
			runOnlyForDeploymentPostprocessing = 0;
		};
/* End PBXSourcesBuildPhase section */

/* Begin PBXVariantGroup section */
		126FF36620CEEF880019BB9F /* InfoPlist.strings */ = {
			isa = PBXVariantGroup;
			children = (
				126FF36520CEEF880019BB9F /* pt-BR */,
			);
			name = InfoPlist.strings;
			sourceTree = "<group>";
		};
		126FF36920CEEF8B0019BB9F /* Localizable.strings */ = {
			isa = PBXVariantGroup;
			children = (
				126FF36820CEEF8B0019BB9F /* pt-BR */,
			);
			name = Localizable.strings;
			sourceTree = "<group>";
		};
		12D5829A20CED5B60003B317 /* Main.storyboard */ = {
			isa = PBXVariantGroup;
			children = (
				1222AC0120CEEB46002CC4AD /* pt-BR */,
			);
			name = Main.storyboard;
			sourceTree = "<group>";
		};
		12D582A220CED5B80003B317 /* LaunchScreen.storyboard */ = {
			isa = PBXVariantGroup;
			children = (
				1222AC0020CEEB46002CC4AD /* pt-BR */,
			);
			name = LaunchScreen.storyboard;
			sourceTree = "<group>";
		};
/* End PBXVariantGroup section */

/* Begin XCBuildConfiguration section */
		12D582A620CED5B80003B317 /* Debug */ = {
			isa = XCBuildConfiguration;
			buildSettings = {
				ALWAYS_SEARCH_USER_PATHS = NO;
				CLANG_ANALYZER_LOCALIZABILITY_NONLOCALIZED = YES;
				CLANG_ANALYZER_NONNULL = YES;
				CLANG_ANALYZER_NUMBER_OBJECT_CONVERSION = YES_AGGRESSIVE;
				CLANG_CXX_LANGUAGE_STANDARD = "gnu++14";
				CLANG_CXX_LIBRARY = "libc++";
				CLANG_ENABLE_MODULES = YES;
				CLANG_ENABLE_OBJC_ARC = YES;
				CLANG_ENABLE_OBJC_WEAK = YES;
				CLANG_WARN_BLOCK_CAPTURE_AUTORELEASING = YES;
				CLANG_WARN_BOOL_CONVERSION = YES;
				CLANG_WARN_COMMA = YES;
				CLANG_WARN_CONSTANT_CONVERSION = YES;
				CLANG_WARN_DEPRECATED_OBJC_IMPLEMENTATIONS = YES;
				CLANG_WARN_DIRECT_OBJC_ISA_USAGE = YES_ERROR;
				CLANG_WARN_DOCUMENTATION_COMMENTS = YES;
				CLANG_WARN_EMPTY_BODY = YES;
				CLANG_WARN_ENUM_CONVERSION = YES;
				CLANG_WARN_INFINITE_RECURSION = YES;
				CLANG_WARN_INT_CONVERSION = YES;
				CLANG_WARN_NON_LITERAL_NULL_CONVERSION = YES;
				CLANG_WARN_OBJC_IMPLICIT_RETAIN_SELF = YES;
				CLANG_WARN_OBJC_LITERAL_CONVERSION = YES;
				CLANG_WARN_OBJC_ROOT_CLASS = YES_ERROR;
				CLANG_WARN_RANGE_LOOP_ANALYSIS = YES;
				CLANG_WARN_STRICT_PROTOTYPES = YES;
				CLANG_WARN_SUSPICIOUS_MOVE = YES;
				CLANG_WARN_UNGUARDED_AVAILABILITY = YES_AGGRESSIVE;
				CLANG_WARN_UNREACHABLE_CODE = YES;
				CLANG_WARN__DUPLICATE_METHOD_MATCH = YES;
				CODE_SIGN_IDENTITY = "iPhone Developer";
				COPY_PHASE_STRIP = NO;
				DEBUG_INFORMATION_FORMAT = dwarf;
				ENABLE_STRICT_OBJC_MSGSEND = YES;
				ENABLE_TESTABILITY = YES;
				GCC_C_LANGUAGE_STANDARD = gnu11;
				GCC_DYNAMIC_NO_PIC = NO;
				GCC_NO_COMMON_BLOCKS = YES;
				GCC_OPTIMIZATION_LEVEL = 0;
				GCC_PREPROCESSOR_DEFINITIONS = (
					"DEBUG=1",
					"$(inherited)",
				);
				GCC_WARN_64_TO_32_BIT_CONVERSION = YES;
				GCC_WARN_ABOUT_RETURN_TYPE = YES_ERROR;
				GCC_WARN_UNDECLARED_SELECTOR = YES;
				GCC_WARN_UNINITIALIZED_AUTOS = YES_AGGRESSIVE;
				GCC_WARN_UNUSED_FUNCTION = YES;
				GCC_WARN_UNUSED_VARIABLE = YES;
				IPHONEOS_DEPLOYMENT_TARGET = 11.4;
				MTL_ENABLE_DEBUG_INFO = YES;
				ONLY_ACTIVE_ARCH = YES;
				SDKROOT = iphoneos;
				SWIFT_ACTIVE_COMPILATION_CONDITIONS = DEBUG;
				SWIFT_OPTIMIZATION_LEVEL = "-Onone";
			};
			name = Debug;
		};
		12D582A720CED5B80003B317 /* Release */ = {
			isa = XCBuildConfiguration;
			buildSettings = {
				ALWAYS_SEARCH_USER_PATHS = NO;
				CLANG_ANALYZER_LOCALIZABILITY_NONLOCALIZED = YES;
				CLANG_ANALYZER_NONNULL = YES;
				CLANG_ANALYZER_NUMBER_OBJECT_CONVERSION = YES_AGGRESSIVE;
				CLANG_CXX_LANGUAGE_STANDARD = "gnu++14";
				CLANG_CXX_LIBRARY = "libc++";
				CLANG_ENABLE_MODULES = YES;
				CLANG_ENABLE_OBJC_ARC = YES;
				CLANG_ENABLE_OBJC_WEAK = YES;
				CLANG_WARN_BLOCK_CAPTURE_AUTORELEASING = YES;
				CLANG_WARN_BOOL_CONVERSION = YES;
				CLANG_WARN_COMMA = YES;
				CLANG_WARN_CONSTANT_CONVERSION = YES;
				CLANG_WARN_DEPRECATED_OBJC_IMPLEMENTATIONS = YES;
				CLANG_WARN_DIRECT_OBJC_ISA_USAGE = YES_ERROR;
				CLANG_WARN_DOCUMENTATION_COMMENTS = YES;
				CLANG_WARN_EMPTY_BODY = YES;
				CLANG_WARN_ENUM_CONVERSION = YES;
				CLANG_WARN_INFINITE_RECURSION = YES;
				CLANG_WARN_INT_CONVERSION = YES;
				CLANG_WARN_NON_LITERAL_NULL_CONVERSION = YES;
				CLANG_WARN_OBJC_IMPLICIT_RETAIN_SELF = YES;
				CLANG_WARN_OBJC_LITERAL_CONVERSION = YES;
				CLANG_WARN_OBJC_ROOT_CLASS = YES_ERROR;
				CLANG_WARN_RANGE_LOOP_ANALYSIS = YES;
				CLANG_WARN_STRICT_PROTOTYPES = YES;
				CLANG_WARN_SUSPICIOUS_MOVE = YES;
				CLANG_WARN_UNGUARDED_AVAILABILITY = YES_AGGRESSIVE;
				CLANG_WARN_UNREACHABLE_CODE = YES;
				CLANG_WARN__DUPLICATE_METHOD_MATCH = YES;
				CODE_SIGN_IDENTITY = "iPhone Developer";
				COPY_PHASE_STRIP = NO;
				DEBUG_INFORMATION_FORMAT = "dwarf-with-dsym";
				ENABLE_NS_ASSERTIONS = NO;
				ENABLE_STRICT_OBJC_MSGSEND = YES;
				GCC_C_LANGUAGE_STANDARD = gnu11;
				GCC_NO_COMMON_BLOCKS = YES;
				GCC_WARN_64_TO_32_BIT_CONVERSION = YES;
				GCC_WARN_ABOUT_RETURN_TYPE = YES_ERROR;
				GCC_WARN_UNDECLARED_SELECTOR = YES;
				GCC_WARN_UNINITIALIZED_AUTOS = YES_AGGRESSIVE;
				GCC_WARN_UNUSED_FUNCTION = YES;
				GCC_WARN_UNUSED_VARIABLE = YES;
				IPHONEOS_DEPLOYMENT_TARGET = 11.4;
				MTL_ENABLE_DEBUG_INFO = NO;
				SDKROOT = iphoneos;
				SWIFT_COMPILATION_MODE = wholemodule;
				SWIFT_OPTIMIZATION_LEVEL = "-O";
				VALIDATE_PRODUCT = YES;
			};
			name = Release;
		};
		12D582A920CED5B80003B317 /* Debug */ = {
			isa = XCBuildConfiguration;
			baseConfigurationReference = BE3EA5ABEE55EBD15ED03FF6 /* Pods-Mensal.debug.xcconfig */;
			buildSettings = {
				ASSETCATALOG_COMPILER_APPICON_NAME = AppIcon;
				CODE_SIGN_STYLE = Automatic;
				DEVELOPMENT_TEAM = BZA995XLF9;
				INFOPLIST_FILE = "$(SRCROOT)/Source/App/Info.plist";
				LD_RUNPATH_SEARCH_PATHS = (
					"$(inherited)",
					"@executable_path/Frameworks",
				);
				PRODUCT_BUNDLE_IDENTIFIER = teste.crud.ios.Mensal;
				PRODUCT_NAME = "$(TARGET_NAME)";
				SWIFT_VERSION = 4.0;
				TARGETED_DEVICE_FAMILY = "1,2";
			};
			name = Debug;
		};
		12D582AA20CED5B80003B317 /* Release */ = {
			isa = XCBuildConfiguration;
			baseConfigurationReference = 69B1CFC24FBA38A6147BC427 /* Pods-Mensal.release.xcconfig */;
			buildSettings = {
				ASSETCATALOG_COMPILER_APPICON_NAME = AppIcon;
				CODE_SIGN_STYLE = Automatic;
				DEVELOPMENT_TEAM = BZA995XLF9;
				INFOPLIST_FILE = "$(SRCROOT)/Source/App/Info.plist";
				LD_RUNPATH_SEARCH_PATHS = (
					"$(inherited)",
					"@executable_path/Frameworks",
				);
				PRODUCT_BUNDLE_IDENTIFIER = teste.crud.ios.Mensal;
				PRODUCT_NAME = "$(TARGET_NAME)";
				SWIFT_VERSION = 4.0;
				TARGETED_DEVICE_FAMILY = "1,2";
			};
			name = Release;
		};
/* End XCBuildConfiguration section */

/* Begin XCConfigurationList section */
		12D5828E20CED5B60003B317 /* Build configuration list for PBXProject "Mensal" */ = {
			isa = XCConfigurationList;
			buildConfigurations = (
				12D582A620CED5B80003B317 /* Debug */,
				12D582A720CED5B80003B317 /* Release */,
			);
			defaultConfigurationIsVisible = 0;
			defaultConfigurationName = Release;
		};
		12D582A820CED5B80003B317 /* Build configuration list for PBXNativeTarget "Mensal" */ = {
			isa = XCConfigurationList;
			buildConfigurations = (
				12D582A920CED5B80003B317 /* Debug */,
				12D582AA20CED5B80003B317 /* Release */,
			);
			defaultConfigurationIsVisible = 0;
			defaultConfigurationName = Release;
		};
/* End XCConfigurationList section */

/* Begin XCVersionGroup section */
		12D5829D20CED5B60003B317 /* Database.xcdatamodeld */ = {
			isa = XCVersionGroup;
			children = (
				12D5829E20CED5B60003B317 /* Mensal.xcdatamodel */,
			);
			currentVersion = 12D5829E20CED5B60003B317 /* Mensal.xcdatamodel */;
			path = Database.xcdatamodeld;
			sourceTree = "<group>";
			versionGroupType = wrapper.xcdatamodel;
		};
/* End XCVersionGroup section */
	};
	rootObject = 12D5828B20CED5B60003B317 /* Project object */;
}
